// !$*UTF8*$!
{
	archiveVersion = 1;
	classes = {
	};
	objectVersion = 46;
	objects = {

/* Begin PBXBuildFile section */
		250141521ED7220700C813B5 /* PhotoSelection.storyboard in Resources */ = {isa = PBXBuildFile; fileRef = 250141511ED7220700C813B5 /* PhotoSelection.storyboard */; };
		250141551ED7240900C813B5 /* PhotoSelectionContainerNavVC.m in Sources */ = {isa = PBXBuildFile; fileRef = 250141541ED7240900C813B5 /* PhotoSelectionContainerNavVC.m */; };
		250141581ED7251000C813B5 /* PhotoSelectionRootViewController.m in Sources */ = {isa = PBXBuildFile; fileRef = 250141571ED7251000C813B5 /* PhotoSelectionRootViewController.m */; };
		2501415B1ED86EDE00C813B5 /* Photos.framework in Frameworks */ = {isa = PBXBuildFile; fileRef = 2501415A1ED86EDE00C813B5 /* Photos.framework */; };
		2501415D1ED8709200C813B5 /* AppCoverView.xib in Resources */ = {isa = PBXBuildFile; fileRef = 2501415C1ED8709200C813B5 /* AppCoverView.xib */; };
		250141601ED870AA00C813B5 /* AppCoverView.m in Sources */ = {isa = PBXBuildFile; fileRef = 2501415F1ED870AA00C813B5 /* AppCoverView.m */; };
		250141651EDA70BF00C813B5 /* PhotoSelectionAlbumTableViewCell.m in Sources */ = {isa = PBXBuildFile; fileRef = 250141631EDA70BF00C813B5 /* PhotoSelectionAlbumTableViewCell.m */; };
		250141661EDA70BF00C813B5 /* PhotoSelectionAlbumTableViewCell.xib in Resources */ = {isa = PBXBuildFile; fileRef = 250141641EDA70BF00C813B5 /* PhotoSelectionAlbumTableViewCell.xib */; };
		2501416A1EDA759700C813B5 /* PhotoSelectionAlbumDetailViewController.m in Sources */ = {isa = PBXBuildFile; fileRef = 250141681EDA759700C813B5 /* PhotoSelectionAlbumDetailViewController.m */; };
		2501416B1EDA759700C813B5 /* PhotoSelectionAlbumDetailViewController.xib in Resources */ = {isa = PBXBuildFile; fileRef = 250141691EDA759700C813B5 /* PhotoSelectionAlbumDetailViewController.xib */; };
		2501416F1EDA7C2D00C813B5 /* PhotoSelectionItemCollectionViewCell.m in Sources */ = {isa = PBXBuildFile; fileRef = 2501416D1EDA7C2D00C813B5 /* PhotoSelectionItemCollectionViewCell.m */; };
		250141701EDA7C2D00C813B5 /* PhotoSelectionItemCollectionViewCell.xib in Resources */ = {isa = PBXBuildFile; fileRef = 2501416E1EDA7C2D00C813B5 /* PhotoSelectionItemCollectionViewCell.xib */; };
		250141741EDA7C7D00C813B5 /* PhotoSelectionItemFooterReusableView.m in Sources */ = {isa = PBXBuildFile; fileRef = 250141721EDA7C7D00C813B5 /* PhotoSelectionItemFooterReusableView.m */; };
		250141751EDA7C7D00C813B5 /* PhotoSelectionItemFooterReusableView.xib in Resources */ = {isa = PBXBuildFile; fileRef = 250141731EDA7C7D00C813B5 /* PhotoSelectionItemFooterReusableView.xib */; };
		2510E8CF1EC0B4B300EC59E7 /* main.m in Sources */ = {isa = PBXBuildFile; fileRef = 2510E8CE1EC0B4B300EC59E7 /* main.m */; };
		2510E8D21EC0B4B300EC59E7 /* AppDelegate.m in Sources */ = {isa = PBXBuildFile; fileRef = 2510E8D11EC0B4B300EC59E7 /* AppDelegate.m */; };
		2510E8D51EC0B4B300EC59E7 /* FirstViewController.m in Sources */ = {isa = PBXBuildFile; fileRef = 2510E8D41EC0B4B300EC59E7 /* FirstViewController.m */; };
		2510E8D81EC0B4B400EC59E7 /* SecondViewController.m in Sources */ = {isa = PBXBuildFile; fileRef = 2510E8D71EC0B4B300EC59E7 /* SecondViewController.m */; };
		2510E8DB1EC0B4B400EC59E7 /* Main.storyboard in Resources */ = {isa = PBXBuildFile; fileRef = 2510E8D91EC0B4B400EC59E7 /* Main.storyboard */; };
		2510E8DD1EC0B4B400EC59E7 /* Assets.xcassets in Resources */ = {isa = PBXBuildFile; fileRef = 2510E8DC1EC0B4B400EC59E7 /* Assets.xcassets */; };
		2510E8E01EC0B4B400EC59E7 /* LaunchScreen.storyboard in Resources */ = {isa = PBXBuildFile; fileRef = 2510E8DE1EC0B4B400EC59E7 /* LaunchScreen.storyboard */; };
		2510E8EB1EC0B4B400EC59E7 /* MyRecordProjTests.m in Sources */ = {isa = PBXBuildFile; fileRef = 2510E8EA1EC0B4B400EC59E7 /* MyRecordProjTests.m */; };
		2510E8F61EC0B4B400EC59E7 /* MyRecordProjUITests.m in Sources */ = {isa = PBXBuildFile; fileRef = 2510E8F51EC0B4B400EC59E7 /* MyRecordProjUITests.m */; };
		2510E90A1EC0B79F00EC59E7 /* InfoPlist.strings in Resources */ = {isa = PBXBuildFile; fileRef = 2510E90C1EC0B79F00EC59E7 /* InfoPlist.strings */; };
		2510E90E1EC0B7BB00EC59E7 /* Localizable.strings in Resources */ = {isa = PBXBuildFile; fileRef = 2510E9101EC0B7BB00EC59E7 /* Localizable.strings */; };
		2510E9181EC5FF9000EC59E7 /* MyCustomTabbarViewController.m in Sources */ = {isa = PBXBuildFile; fileRef = 2510E9171EC5FF9000EC59E7 /* MyCustomTabbarViewController.m */; };
		2510E9231EC8545A00EC59E7 /* CreateRecord.storyboard in Resources */ = {isa = PBXBuildFile; fileRef = 2510E9221EC8545A00EC59E7 /* CreateRecord.storyboard */; };
		2510E9261EC854AE00EC59E7 /* CreateRecordViewController.m in Sources */ = {isa = PBXBuildFile; fileRef = 2510E9251EC854AE00EC59E7 /* CreateRecordViewController.m */; };
		2510E92A1EC85E4000EC59E7 /* DbHandler.m in Sources */ = {isa = PBXBuildFile; fileRef = 2510E9291EC85E4000EC59E7 /* DbHandler.m */; };
		2510E92C1EC8617F00EC59E7 /* libsqlite3.tbd in Frameworks */ = {isa = PBXBuildFile; fileRef = 2510E92B1EC8617F00EC59E7 /* libsqlite3.tbd */; };
		2510E92F1ECB3B9C00EC59E7 /* CategoryInfo.m in Sources */ = {isa = PBXBuildFile; fileRef = 2510E92E1ECB3B9C00EC59E7 /* CategoryInfo.m */; };
		2510E9321ECB3BAB00EC59E7 /* RecordInfo.m in Sources */ = {isa = PBXBuildFile; fileRef = 2510E9311ECB3BAB00EC59E7 /* RecordInfo.m */; };
		2510E9351ECB477C00EC59E7 /* RecordSection.m in Sources */ = {isa = PBXBuildFile; fileRef = 2510E9341ECB477C00EC59E7 /* RecordSection.m */; };
		2510E9381ECB478A00EC59E7 /* RecordSectionItem.m in Sources */ = {isa = PBXBuildFile; fileRef = 2510E9371ECB478A00EC59E7 /* RecordSectionItem.m */; };
		2553972A1ED0434E00F6EC45 /* MyCustomNotificationObserver.m in Sources */ = {isa = PBXBuildFile; fileRef = 255397291ED0434E00F6EC45 /* MyCustomNotificationObserver.m */; };
		2553972D1ED07DF300F6EC45 /* RecordCreateSectionInfo.m in Sources */ = {isa = PBXBuildFile; fileRef = 2553972C1ED07DF300F6EC45 /* RecordCreateSectionInfo.m */; };
		255397311ED081A800F6EC45 /* CreateSectionTitleTableViewCell.m in Sources */ = {isa = PBXBuildFile; fileRef = 2553972F1ED081A800F6EC45 /* CreateSectionTitleTableViewCell.m */; };
		255397321ED081A800F6EC45 /* CreateSectionTitleTableViewCell.xib in Resources */ = {isa = PBXBuildFile; fileRef = 255397301ED081A800F6EC45 /* CreateSectionTitleTableViewCell.xib */; };
		255397361ED081BD00F6EC45 /* CreateSectionTxtTableViewCell.m in Sources */ = {isa = PBXBuildFile; fileRef = 255397341ED081BD00F6EC45 /* CreateSectionTxtTableViewCell.m */; };
		255397371ED081BD00F6EC45 /* CreateSectionTxtTableViewCell.xib in Resources */ = {isa = PBXBuildFile; fileRef = 255397351ED081BD00F6EC45 /* CreateSectionTxtTableViewCell.xib */; };
		2553973B1ED081CF00F6EC45 /* CreateSectionImgTableViewCell.m in Sources */ = {isa = PBXBuildFile; fileRef = 255397391ED081CF00F6EC45 /* CreateSectionImgTableViewCell.m */; };
		2553973C1ED081CF00F6EC45 /* CreateSectionImgTableViewCell.xib in Resources */ = {isa = PBXBuildFile; fileRef = 2553973A1ED081CF00F6EC45 /* CreateSectionImgTableViewCell.xib */; };
		2553973E1ED13C3500F6EC45 /* CreateSectionFooterView.xib in Resources */ = {isa = PBXBuildFile; fileRef = 2553973D1ED13C3500F6EC45 /* CreateSectionFooterView.xib */; };
		255397411ED13C4F00F6EC45 /* CreateSectionFooterView.m in Sources */ = {isa = PBXBuildFile; fileRef = 255397401ED13C4F00F6EC45 /* CreateSectionFooterView.m */; };
		255397451ED478E900F6EC45 /* ImageCollectionViewCell.m in Sources */ = {isa = PBXBuildFile; fileRef = 255397431ED478E900F6EC45 /* ImageCollectionViewCell.m */; };
		255397461ED478E900F6EC45 /* ImageCollectionViewCell.xib in Resources */ = {isa = PBXBuildFile; fileRef = 255397441ED478E900F6EC45 /* ImageCollectionViewCell.xib */; };
		25925D921EDAB958000F6B06 /* CreateSectionHeaderView.xib in Resources */ = {isa = PBXBuildFile; fileRef = 25925D911EDAB958000F6B06 /* CreateSectionHeaderView.xib */; };
		25925D951EDAB973000F6B06 /* CreateSectionHeaderView.m in Sources */ = {isa = PBXBuildFile; fileRef = 25925D941EDAB973000F6B06 /* CreateSectionHeaderView.m */; };
		25D960401ECC947C006E067E /* CreateCategory.storyboard in Resources */ = {isa = PBXBuildFile; fileRef = 25D9603F1ECC947C006E067E /* CreateCategory.storyboard */; };
		25D960431ECC949F006E067E /* CreateCategoryViewController.m in Sources */ = {isa = PBXBuildFile; fileRef = 25D960421ECC949F006E067E /* CreateCategoryViewController.m */; };
		25D960471ECC99D0006E067E /* CategoryCreateTFTableViewCell.m in Sources */ = {isa = PBXBuildFile; fileRef = 25D960461ECC99D0006E067E /* CategoryCreateTFTableViewCell.m */; };
		25D9605C1ECF3B6D006E067E /* MyColor.m in Sources */ = {isa = PBXBuildFile; fileRef = 25D960541ECF3B6D006E067E /* MyColor.m */; };
		25D9605D1ECF3B6D006E067E /* MyRootViewController.m in Sources */ = {isa = PBXBuildFile; fileRef = 25D960561ECF3B6D006E067E /* MyRootViewController.m */; };
		25D9605E1ECF3B6D006E067E /* MyUtility.m in Sources */ = {isa = PBXBuildFile; fileRef = 25D960581ECF3B6D006E067E /* MyUtility.m */; };
		25D9605F1ECF3B6D006E067E /* TextContentCollectionReusableView.m in Sources */ = {isa = PBXBuildFile; fileRef = 25D9605A1ECF3B6D006E067E /* TextContentCollectionReusableView.m */; };
		25D960601ECF3B6D006E067E /* TextContentCollectionReusableView.xib in Resources */ = {isa = PBXBuildFile; fileRef = 25D9605B1ECF3B6D006E067E /* TextContentCollectionReusableView.xib */; };
		25D960701ECF3B90006E067E /* FMDatabase.m in Sources */ = {isa = PBXBuildFile; fileRef = 25D960641ECF3B90006E067E /* FMDatabase.m */; };
		25D960711ECF3B90006E067E /* FMDatabaseAdditions.m in Sources */ = {isa = PBXBuildFile; fileRef = 25D960661ECF3B90006E067E /* FMDatabaseAdditions.m */; };
		25D960721ECF3B90006E067E /* FMDatabasePool.m in Sources */ = {isa = PBXBuildFile; fileRef = 25D960681ECF3B90006E067E /* FMDatabasePool.m */; };
		25D960731ECF3B90006E067E /* FMDatabaseQueue.m in Sources */ = {isa = PBXBuildFile; fileRef = 25D9606A1ECF3B90006E067E /* FMDatabaseQueue.m */; };
		25D960741ECF3B90006E067E /* FMDBMigrationManager.m in Sources */ = {isa = PBXBuildFile; fileRef = 25D9606D1ECF3B90006E067E /* FMDBMigrationManager.m */; };
		25D960751ECF3B90006E067E /* FMResultSet.m in Sources */ = {isa = PBXBuildFile; fileRef = 25D9606F1ECF3B90006E067E /* FMResultSet.m */; };
		25D960791ECFE8DF006E067E /* RecordsTopCategoryInfoTableViewCell.m in Sources */ = {isa = PBXBuildFile; fileRef = 25D960771ECFE8DF006E067E /* RecordsTopCategoryInfoTableViewCell.m */; };
		25D9607A1ECFE8DF006E067E /* RecordsTopCategoryInfoTableViewCell.xib in Resources */ = {isa = PBXBuildFile; fileRef = 25D960781ECFE8DF006E067E /* RecordsTopCategoryInfoTableViewCell.xib */; };
		25D9607D1ECFEA04006E067E /* CellIdInfo.m in Sources */ = {isa = PBXBuildFile; fileRef = 25D9607C1ECFEA04006E067E /* CellIdInfo.m */; };
/* End PBXBuildFile section */

/* Begin PBXContainerItemProxy section */
		2510E8E71EC0B4B400EC59E7 /* PBXContainerItemProxy */ = {
			isa = PBXContainerItemProxy;
			containerPortal = 2510E8C21EC0B4B300EC59E7 /* Project object */;
			proxyType = 1;
			remoteGlobalIDString = 2510E8C91EC0B4B300EC59E7;
			remoteInfo = MyRecordProj;
		};
		2510E8F21EC0B4B400EC59E7 /* PBXContainerItemProxy */ = {
			isa = PBXContainerItemProxy;
			containerPortal = 2510E8C21EC0B4B300EC59E7 /* Project object */;
			proxyType = 1;
			remoteGlobalIDString = 2510E8C91EC0B4B300EC59E7;
			remoteInfo = MyRecordProj;
		};
/* End PBXContainerItemProxy section */

/* Begin PBXFileReference section */
		250141511ED7220700C813B5 /* PhotoSelection.storyboard */ = {isa = PBXFileReference; fileEncoding = 4; lastKnownFileType = file.storyboard; path = PhotoSelection.storyboard; sourceTree = "<group>"; };
		250141531ED7240900C813B5 /* PhotoSelectionContainerNavVC.h */ = {isa = PBXFileReference; fileEncoding = 4; lastKnownFileType = sourcecode.c.h; path = PhotoSelectionContainerNavVC.h; sourceTree = "<group>"; };
		250141541ED7240900C813B5 /* PhotoSelectionContainerNavVC.m */ = {isa = PBXFileReference; fileEncoding = 4; lastKnownFileType = sourcecode.c.objc; path = PhotoSelectionContainerNavVC.m; sourceTree = "<group>"; };
		250141561ED7251000C813B5 /* PhotoSelectionRootViewController.h */ = {isa = PBXFileReference; fileEncoding = 4; lastKnownFileType = sourcecode.c.h; path = PhotoSelectionRootViewController.h; sourceTree = "<group>"; };
		250141571ED7251000C813B5 /* PhotoSelectionRootViewController.m */ = {isa = PBXFileReference; fileEncoding = 4; lastKnownFileType = sourcecode.c.objc; path = PhotoSelectionRootViewController.m; sourceTree = "<group>"; };
		2501415A1ED86EDE00C813B5 /* Photos.framework */ = {isa = PBXFileReference; lastKnownFileType = wrapper.framework; name = Photos.framework; path = System/Library/Frameworks/Photos.framework; sourceTree = SDKROOT; };
		2501415C1ED8709200C813B5 /* AppCoverView.xib */ = {isa = PBXFileReference; fileEncoding = 4; lastKnownFileType = file.xib; path = AppCoverView.xib; sourceTree = "<group>"; };
		2501415E1ED870AA00C813B5 /* AppCoverView.h */ = {isa = PBXFileReference; fileEncoding = 4; lastKnownFileType = sourcecode.c.h; path = AppCoverView.h; sourceTree = "<group>"; };
		2501415F1ED870AA00C813B5 /* AppCoverView.m */ = {isa = PBXFileReference; fileEncoding = 4; lastKnownFileType = sourcecode.c.objc; path = AppCoverView.m; sourceTree = "<group>"; };
		250141621EDA70BF00C813B5 /* PhotoSelectionAlbumTableViewCell.h */ = {isa = PBXFileReference; fileEncoding = 4; lastKnownFileType = sourcecode.c.h; path = PhotoSelectionAlbumTableViewCell.h; sourceTree = "<group>"; };
		250141631EDA70BF00C813B5 /* PhotoSelectionAlbumTableViewCell.m */ = {isa = PBXFileReference; fileEncoding = 4; lastKnownFileType = sourcecode.c.objc; path = PhotoSelectionAlbumTableViewCell.m; sourceTree = "<group>"; };
		250141641EDA70BF00C813B5 /* PhotoSelectionAlbumTableViewCell.xib */ = {isa = PBXFileReference; fileEncoding = 4; lastKnownFileType = file.xib; path = PhotoSelectionAlbumTableViewCell.xib; sourceTree = "<group>"; };
		250141671EDA759700C813B5 /* PhotoSelectionAlbumDetailViewController.h */ = {isa = PBXFileReference; fileEncoding = 4; lastKnownFileType = sourcecode.c.h; path = PhotoSelectionAlbumDetailViewController.h; sourceTree = "<group>"; };
		250141681EDA759700C813B5 /* PhotoSelectionAlbumDetailViewController.m */ = {isa = PBXFileReference; fileEncoding = 4; lastKnownFileType = sourcecode.c.objc; path = PhotoSelectionAlbumDetailViewController.m; sourceTree = "<group>"; };
		250141691EDA759700C813B5 /* PhotoSelectionAlbumDetailViewController.xib */ = {isa = PBXFileReference; fileEncoding = 4; lastKnownFileType = file.xib; path = PhotoSelectionAlbumDetailViewController.xib; sourceTree = "<group>"; };
		2501416C1EDA7C2D00C813B5 /* PhotoSelectionItemCollectionViewCell.h */ = {isa = PBXFileReference; fileEncoding = 4; lastKnownFileType = sourcecode.c.h; path = PhotoSelectionItemCollectionViewCell.h; sourceTree = "<group>"; };
		2501416D1EDA7C2D00C813B5 /* PhotoSelectionItemCollectionViewCell.m */ = {isa = PBXFileReference; fileEncoding = 4; lastKnownFileType = sourcecode.c.objc; path = PhotoSelectionItemCollectionViewCell.m; sourceTree = "<group>"; };
		2501416E1EDA7C2D00C813B5 /* PhotoSelectionItemCollectionViewCell.xib */ = {isa = PBXFileReference; fileEncoding = 4; lastKnownFileType = file.xib; path = PhotoSelectionItemCollectionViewCell.xib; sourceTree = "<group>"; };
		250141711EDA7C7D00C813B5 /* PhotoSelectionItemFooterReusableView.h */ = {isa = PBXFileReference; fileEncoding = 4; lastKnownFileType = sourcecode.c.h; path = PhotoSelectionItemFooterReusableView.h; sourceTree = "<group>"; };
		250141721EDA7C7D00C813B5 /* PhotoSelectionItemFooterReusableView.m */ = {isa = PBXFileReference; fileEncoding = 4; lastKnownFileType = sourcecode.c.objc; path = PhotoSelectionItemFooterReusableView.m; sourceTree = "<group>"; };
		250141731EDA7C7D00C813B5 /* PhotoSelectionItemFooterReusableView.xib */ = {isa = PBXFileReference; fileEncoding = 4; lastKnownFileType = file.xib; path = PhotoSelectionItemFooterReusableView.xib; sourceTree = "<group>"; };
		2510E8CA1EC0B4B300EC59E7 /* MyRecordProj.app */ = {isa = PBXFileReference; explicitFileType = wrapper.application; includeInIndex = 0; path = MyRecordProj.app; sourceTree = BUILT_PRODUCTS_DIR; };
		2510E8CE1EC0B4B300EC59E7 /* main.m */ = {isa = PBXFileReference; lastKnownFileType = sourcecode.c.objc; path = main.m; sourceTree = "<group>"; };
		2510E8D01EC0B4B300EC59E7 /* AppDelegate.h */ = {isa = PBXFileReference; lastKnownFileType = sourcecode.c.h; path = AppDelegate.h; sourceTree = "<group>"; };
		2510E8D11EC0B4B300EC59E7 /* AppDelegate.m */ = {isa = PBXFileReference; lastKnownFileType = sourcecode.c.objc; path = AppDelegate.m; sourceTree = "<group>"; };
		2510E8D31EC0B4B300EC59E7 /* FirstViewController.h */ = {isa = PBXFileReference; lastKnownFileType = sourcecode.c.h; path = FirstViewController.h; sourceTree = "<group>"; };
		2510E8D41EC0B4B300EC59E7 /* FirstViewController.m */ = {isa = PBXFileReference; lastKnownFileType = sourcecode.c.objc; path = FirstViewController.m; sourceTree = "<group>"; };
		2510E8D61EC0B4B300EC59E7 /* SecondViewController.h */ = {isa = PBXFileReference; lastKnownFileType = sourcecode.c.h; path = SecondViewController.h; sourceTree = "<group>"; };
		2510E8D71EC0B4B300EC59E7 /* SecondViewController.m */ = {isa = PBXFileReference; lastKnownFileType = sourcecode.c.objc; path = SecondViewController.m; sourceTree = "<group>"; };
		2510E8DA1EC0B4B400EC59E7 /* Base */ = {isa = PBXFileReference; lastKnownFileType = file.storyboard; name = Base; path = Base.lproj/Main.storyboard; sourceTree = "<group>"; };
		2510E8DC1EC0B4B400EC59E7 /* Assets.xcassets */ = {isa = PBXFileReference; lastKnownFileType = folder.assetcatalog; path = Assets.xcassets; sourceTree = "<group>"; };
		2510E8DF1EC0B4B400EC59E7 /* Base */ = {isa = PBXFileReference; lastKnownFileType = file.storyboard; name = Base; path = Base.lproj/LaunchScreen.storyboard; sourceTree = "<group>"; };
		2510E8E11EC0B4B400EC59E7 /* Info.plist */ = {isa = PBXFileReference; lastKnownFileType = text.plist.xml; path = Info.plist; sourceTree = "<group>"; };
		2510E8E61EC0B4B400EC59E7 /* MyRecordProjTests.xctest */ = {isa = PBXFileReference; explicitFileType = wrapper.cfbundle; includeInIndex = 0; path = MyRecordProjTests.xctest; sourceTree = BUILT_PRODUCTS_DIR; };
		2510E8EA1EC0B4B400EC59E7 /* MyRecordProjTests.m */ = {isa = PBXFileReference; lastKnownFileType = sourcecode.c.objc; path = MyRecordProjTests.m; sourceTree = "<group>"; };
		2510E8EC1EC0B4B400EC59E7 /* Info.plist */ = {isa = PBXFileReference; lastKnownFileType = text.plist.xml; path = Info.plist; sourceTree = "<group>"; };
		2510E8F11EC0B4B400EC59E7 /* MyRecordProjUITests.xctest */ = {isa = PBXFileReference; explicitFileType = wrapper.cfbundle; includeInIndex = 0; path = MyRecordProjUITests.xctest; sourceTree = BUILT_PRODUCTS_DIR; };
		2510E8F51EC0B4B400EC59E7 /* MyRecordProjUITests.m */ = {isa = PBXFileReference; lastKnownFileType = sourcecode.c.objc; path = MyRecordProjUITests.m; sourceTree = "<group>"; };
		2510E8F71EC0B4B400EC59E7 /* Info.plist */ = {isa = PBXFileReference; lastKnownFileType = text.plist.xml; path = Info.plist; sourceTree = "<group>"; };
		2510E90B1EC0B79F00EC59E7 /* Base */ = {isa = PBXFileReference; lastKnownFileType = text.plist.strings; name = Base; path = Base.lproj/InfoPlist.strings; sourceTree = "<group>"; };
		2510E90D1EC0B7A400EC59E7 /* zh-Hans */ = {isa = PBXFileReference; lastKnownFileType = text.plist.strings; name = "zh-Hans"; path = "zh-Hans.lproj/InfoPlist.strings"; sourceTree = "<group>"; };
		2510E90F1EC0B7BB00EC59E7 /* Base */ = {isa = PBXFileReference; lastKnownFileType = text.plist.strings; name = Base; path = Base.lproj/Localizable.strings; sourceTree = "<group>"; };
		2510E9111EC0B7BD00EC59E7 /* zh-Hans */ = {isa = PBXFileReference; lastKnownFileType = text.plist.strings; name = "zh-Hans"; path = "zh-Hans.lproj/Localizable.strings"; sourceTree = "<group>"; };
		2510E9161EC5FF9000EC59E7 /* MyCustomTabbarViewController.h */ = {isa = PBXFileReference; fileEncoding = 4; lastKnownFileType = sourcecode.c.h; path = MyCustomTabbarViewController.h; sourceTree = "<group>"; };
		2510E9171EC5FF9000EC59E7 /* MyCustomTabbarViewController.m */ = {isa = PBXFileReference; fileEncoding = 4; lastKnownFileType = sourcecode.c.objc; path = MyCustomTabbarViewController.m; sourceTree = "<group>"; };
		2510E91C1EC7491D00EC59E7 /* MyIosFramework.framework */ = {isa = PBXFileReference; lastKnownFileType = wrapper.framework; name = MyIosFramework.framework; path = "../../../Library/Developer/Xcode/DerivedData/MyIosFramework-gwrexrmbfxgeolayibbihuoqudxj/Build/Products/Debug-iphoneos/MyIosFramework.framework"; sourceTree = "<group>"; };
		2510E9221EC8545A00EC59E7 /* CreateRecord.storyboard */ = {isa = PBXFileReference; fileEncoding = 4; lastKnownFileType = file.storyboard; path = CreateRecord.storyboard; sourceTree = "<group>"; };
		2510E9241EC854AE00EC59E7 /* CreateRecordViewController.h */ = {isa = PBXFileReference; fileEncoding = 4; lastKnownFileType = sourcecode.c.h; path = CreateRecordViewController.h; sourceTree = "<group>"; };
		2510E9251EC854AE00EC59E7 /* CreateRecordViewController.m */ = {isa = PBXFileReference; fileEncoding = 4; lastKnownFileType = sourcecode.c.objc; path = CreateRecordViewController.m; sourceTree = "<group>"; };
		2510E9281EC85E4000EC59E7 /* DbHandler.h */ = {isa = PBXFileReference; fileEncoding = 4; lastKnownFileType = sourcecode.c.h; path = DbHandler.h; sourceTree = "<group>"; };
		2510E9291EC85E4000EC59E7 /* DbHandler.m */ = {isa = PBXFileReference; fileEncoding = 4; lastKnownFileType = sourcecode.c.objc; path = DbHandler.m; sourceTree = "<group>"; };
		2510E92B1EC8617F00EC59E7 /* libsqlite3.tbd */ = {isa = PBXFileReference; lastKnownFileType = "sourcecode.text-based-dylib-definition"; name = libsqlite3.tbd; path = usr/lib/libsqlite3.tbd; sourceTree = SDKROOT; };
		2510E92D1ECB3B9C00EC59E7 /* CategoryInfo.h */ = {isa = PBXFileReference; fileEncoding = 4; lastKnownFileType = sourcecode.c.h; path = CategoryInfo.h; sourceTree = "<group>"; };
		2510E92E1ECB3B9C00EC59E7 /* CategoryInfo.m */ = {isa = PBXFileReference; fileEncoding = 4; lastKnownFileType = sourcecode.c.objc; path = CategoryInfo.m; sourceTree = "<group>"; };
		2510E9301ECB3BAB00EC59E7 /* RecordInfo.h */ = {isa = PBXFileReference; fileEncoding = 4; lastKnownFileType = sourcecode.c.h; path = RecordInfo.h; sourceTree = "<group>"; };
		2510E9311ECB3BAB00EC59E7 /* RecordInfo.m */ = {isa = PBXFileReference; fileEncoding = 4; lastKnownFileType = sourcecode.c.objc; path = RecordInfo.m; sourceTree = "<group>"; };
		2510E9331ECB477C00EC59E7 /* RecordSection.h */ = {isa = PBXFileReference; fileEncoding = 4; lastKnownFileType = sourcecode.c.h; path = RecordSection.h; sourceTree = "<group>"; };
		2510E9341ECB477C00EC59E7 /* RecordSection.m */ = {isa = PBXFileReference; fileEncoding = 4; lastKnownFileType = sourcecode.c.objc; path = RecordSection.m; sourceTree = "<group>"; };
		2510E9361ECB478A00EC59E7 /* RecordSectionItem.h */ = {isa = PBXFileReference; fileEncoding = 4; lastKnownFileType = sourcecode.c.h; path = RecordSectionItem.h; sourceTree = "<group>"; };
		2510E9371ECB478A00EC59E7 /* RecordSectionItem.m */ = {isa = PBXFileReference; fileEncoding = 4; lastKnownFileType = sourcecode.c.objc; path = RecordSectionItem.m; sourceTree = "<group>"; };
		255397281ED0434E00F6EC45 /* MyCustomNotificationObserver.h */ = {isa = PBXFileReference; fileEncoding = 4; lastKnownFileType = sourcecode.c.h; path = MyCustomNotificationObserver.h; sourceTree = "<group>"; };
		255397291ED0434E00F6EC45 /* MyCustomNotificationObserver.m */ = {isa = PBXFileReference; fileEncoding = 4; lastKnownFileType = sourcecode.c.objc; path = MyCustomNotificationObserver.m; sourceTree = "<group>"; };
		2553972B1ED07DF300F6EC45 /* RecordCreateSectionInfo.h */ = {isa = PBXFileReference; fileEncoding = 4; lastKnownFileType = sourcecode.c.h; path = RecordCreateSectionInfo.h; sourceTree = "<group>"; };
		2553972C1ED07DF300F6EC45 /* RecordCreateSectionInfo.m */ = {isa = PBXFileReference; fileEncoding = 4; lastKnownFileType = sourcecode.c.objc; path = RecordCreateSectionInfo.m; sourceTree = "<group>"; };
		2553972E1ED081A800F6EC45 /* CreateSectionTitleTableViewCell.h */ = {isa = PBXFileReference; fileEncoding = 4; lastKnownFileType = sourcecode.c.h; path = CreateSectionTitleTableViewCell.h; sourceTree = "<group>"; };
		2553972F1ED081A800F6EC45 /* CreateSectionTitleTableViewCell.m */ = {isa = PBXFileReference; fileEncoding = 4; lastKnownFileType = sourcecode.c.objc; path = CreateSectionTitleTableViewCell.m; sourceTree = "<group>"; };
		255397301ED081A800F6EC45 /* CreateSectionTitleTableViewCell.xib */ = {isa = PBXFileReference; fileEncoding = 4; lastKnownFileType = file.xib; path = CreateSectionTitleTableViewCell.xib; sourceTree = "<group>"; };
		255397331ED081BD00F6EC45 /* CreateSectionTxtTableViewCell.h */ = {isa = PBXFileReference; fileEncoding = 4; lastKnownFileType = sourcecode.c.h; path = CreateSectionTxtTableViewCell.h; sourceTree = "<group>"; };
		255397341ED081BD00F6EC45 /* CreateSectionTxtTableViewCell.m */ = {isa = PBXFileReference; fileEncoding = 4; lastKnownFileType = sourcecode.c.objc; path = CreateSectionTxtTableViewCell.m; sourceTree = "<group>"; };
		255397351ED081BD00F6EC45 /* CreateSectionTxtTableViewCell.xib */ = {isa = PBXFileReference; fileEncoding = 4; lastKnownFileType = file.xib; path = CreateSectionTxtTableViewCell.xib; sourceTree = "<group>"; };
		255397381ED081CF00F6EC45 /* CreateSectionImgTableViewCell.h */ = {isa = PBXFileReference; fileEncoding = 4; lastKnownFileType = sourcecode.c.h; path = CreateSectionImgTableViewCell.h; sourceTree = "<group>"; };
		255397391ED081CF00F6EC45 /* CreateSectionImgTableViewCell.m */ = {isa = PBXFileReference; fileEncoding = 4; lastKnownFileType = sourcecode.c.objc; path = CreateSectionImgTableViewCell.m; sourceTree = "<group>"; };
		2553973A1ED081CF00F6EC45 /* CreateSectionImgTableViewCell.xib */ = {isa = PBXFileReference; fileEncoding = 4; lastKnownFileType = file.xib; path = CreateSectionImgTableViewCell.xib; sourceTree = "<group>"; };
		2553973D1ED13C3500F6EC45 /* CreateSectionFooterView.xib */ = {isa = PBXFileReference; fileEncoding = 4; lastKnownFileType = file.xib; path = CreateSectionFooterView.xib; sourceTree = "<group>"; };
		2553973F1ED13C4F00F6EC45 /* CreateSectionFooterView.h */ = {isa = PBXFileReference; fileEncoding = 4; lastKnownFileType = sourcecode.c.h; path = CreateSectionFooterView.h; sourceTree = "<group>"; };
		255397401ED13C4F00F6EC45 /* CreateSectionFooterView.m */ = {isa = PBXFileReference; fileEncoding = 4; lastKnownFileType = sourcecode.c.objc; path = CreateSectionFooterView.m; sourceTree = "<group>"; };
		255397421ED478E900F6EC45 /* ImageCollectionViewCell.h */ = {isa = PBXFileReference; fileEncoding = 4; lastKnownFileType = sourcecode.c.h; path = ImageCollectionViewCell.h; sourceTree = "<group>"; };
		255397431ED478E900F6EC45 /* ImageCollectionViewCell.m */ = {isa = PBXFileReference; fileEncoding = 4; lastKnownFileType = sourcecode.c.objc; path = ImageCollectionViewCell.m; sourceTree = "<group>"; };
		255397441ED478E900F6EC45 /* ImageCollectionViewCell.xib */ = {isa = PBXFileReference; fileEncoding = 4; lastKnownFileType = file.xib; path = ImageCollectionViewCell.xib; sourceTree = "<group>"; };
		25925D911EDAB958000F6B06 /* CreateSectionHeaderView.xib */ = {isa = PBXFileReference; fileEncoding = 4; lastKnownFileType = file.xib; path = CreateSectionHeaderView.xib; sourceTree = "<group>"; };
		25925D931EDAB973000F6B06 /* CreateSectionHeaderView.h */ = {isa = PBXFileReference; fileEncoding = 4; lastKnownFileType = sourcecode.c.h; path = CreateSectionHeaderView.h; sourceTree = "<group>"; };
		25925D941EDAB973000F6B06 /* CreateSectionHeaderView.m */ = {isa = PBXFileReference; fileEncoding = 4; lastKnownFileType = sourcecode.c.objc; path = CreateSectionHeaderView.m; sourceTree = "<group>"; };
		25D9603F1ECC947C006E067E /* CreateCategory.storyboard */ = {isa = PBXFileReference; fileEncoding = 4; lastKnownFileType = file.storyboard; path = CreateCategory.storyboard; sourceTree = "<group>"; };
		25D960411ECC949F006E067E /* CreateCategoryViewController.h */ = {isa = PBXFileReference; fileEncoding = 4; lastKnownFileType = sourcecode.c.h; path = CreateCategoryViewController.h; sourceTree = "<group>"; };
		25D960421ECC949F006E067E /* CreateCategoryViewController.m */ = {isa = PBXFileReference; fileEncoding = 4; lastKnownFileType = sourcecode.c.objc; path = CreateCategoryViewController.m; sourceTree = "<group>"; };
		25D960451ECC99D0006E067E /* CategoryCreateTFTableViewCell.h */ = {isa = PBXFileReference; fileEncoding = 4; lastKnownFileType = sourcecode.c.h; path = CategoryCreateTFTableViewCell.h; sourceTree = "<group>"; };
		25D960461ECC99D0006E067E /* CategoryCreateTFTableViewCell.m */ = {isa = PBXFileReference; fileEncoding = 4; lastKnownFileType = sourcecode.c.objc; path = CategoryCreateTFTableViewCell.m; sourceTree = "<group>"; };
		25D9604C1ECF3956006E067E /* MyCommonHeaders.h */ = {isa = PBXFileReference; fileEncoding = 4; lastKnownFileType = sourcecode.c.h; path = MyCommonHeaders.h; sourceTree = "<group>"; };
		25D960531ECF3B6D006E067E /* MyColor.h */ = {isa = PBXFileReference; fileEncoding = 4; lastKnownFileType = sourcecode.c.h; path = MyColor.h; sourceTree = "<group>"; };
		25D960541ECF3B6D006E067E /* MyColor.m */ = {isa = PBXFileReference; fileEncoding = 4; lastKnownFileType = sourcecode.c.objc; path = MyColor.m; sourceTree = "<group>"; };
		25D960551ECF3B6D006E067E /* MyRootViewController.h */ = {isa = PBXFileReference; fileEncoding = 4; lastKnownFileType = sourcecode.c.h; path = MyRootViewController.h; sourceTree = "<group>"; };
		25D960561ECF3B6D006E067E /* MyRootViewController.m */ = {isa = PBXFileReference; fileEncoding = 4; lastKnownFileType = sourcecode.c.objc; path = MyRootViewController.m; sourceTree = "<group>"; };
		25D960571ECF3B6D006E067E /* MyUtility.h */ = {isa = PBXFileReference; fileEncoding = 4; lastKnownFileType = sourcecode.c.h; path = MyUtility.h; sourceTree = "<group>"; };
		25D960581ECF3B6D006E067E /* MyUtility.m */ = {isa = PBXFileReference; fileEncoding = 4; lastKnownFileType = sourcecode.c.objc; path = MyUtility.m; sourceTree = "<group>"; };
		25D960591ECF3B6D006E067E /* TextContentCollectionReusableView.h */ = {isa = PBXFileReference; fileEncoding = 4; lastKnownFileType = sourcecode.c.h; path = TextContentCollectionReusableView.h; sourceTree = "<group>"; };
		25D9605A1ECF3B6D006E067E /* TextContentCollectionReusableView.m */ = {isa = PBXFileReference; fileEncoding = 4; lastKnownFileType = sourcecode.c.objc; path = TextContentCollectionReusableView.m; sourceTree = "<group>"; };
		25D9605B1ECF3B6D006E067E /* TextContentCollectionReusableView.xib */ = {isa = PBXFileReference; fileEncoding = 4; lastKnownFileType = file.xib; path = TextContentCollectionReusableView.xib; sourceTree = "<group>"; };
		25D960631ECF3B90006E067E /* FMDatabase.h */ = {isa = PBXFileReference; fileEncoding = 4; lastKnownFileType = sourcecode.c.h; path = FMDatabase.h; sourceTree = "<group>"; };
		25D960641ECF3B90006E067E /* FMDatabase.m */ = {isa = PBXFileReference; fileEncoding = 4; lastKnownFileType = sourcecode.c.objc; path = FMDatabase.m; sourceTree = "<group>"; };
		25D960651ECF3B90006E067E /* FMDatabaseAdditions.h */ = {isa = PBXFileReference; fileEncoding = 4; lastKnownFileType = sourcecode.c.h; path = FMDatabaseAdditions.h; sourceTree = "<group>"; };
		25D960661ECF3B90006E067E /* FMDatabaseAdditions.m */ = {isa = PBXFileReference; fileEncoding = 4; lastKnownFileType = sourcecode.c.objc; path = FMDatabaseAdditions.m; sourceTree = "<group>"; };
		25D960671ECF3B90006E067E /* FMDatabasePool.h */ = {isa = PBXFileReference; fileEncoding = 4; lastKnownFileType = sourcecode.c.h; path = FMDatabasePool.h; sourceTree = "<group>"; };
		25D960681ECF3B90006E067E /* FMDatabasePool.m */ = {isa = PBXFileReference; fileEncoding = 4; lastKnownFileType = sourcecode.c.objc; path = FMDatabasePool.m; sourceTree = "<group>"; };
		25D960691ECF3B90006E067E /* FMDatabaseQueue.h */ = {isa = PBXFileReference; fileEncoding = 4; lastKnownFileType = sourcecode.c.h; path = FMDatabaseQueue.h; sourceTree = "<group>"; };
		25D9606A1ECF3B90006E067E /* FMDatabaseQueue.m */ = {isa = PBXFileReference; fileEncoding = 4; lastKnownFileType = sourcecode.c.objc; path = FMDatabaseQueue.m; sourceTree = "<group>"; };
		25D9606B1ECF3B90006E067E /* FMDB.h */ = {isa = PBXFileReference; fileEncoding = 4; lastKnownFileType = sourcecode.c.h; path = FMDB.h; sourceTree = "<group>"; };
		25D9606C1ECF3B90006E067E /* FMDBMigrationManager.h */ = {isa = PBXFileReference; fileEncoding = 4; lastKnownFileType = sourcecode.c.h; path = FMDBMigrationManager.h; sourceTree = "<group>"; };
		25D9606D1ECF3B90006E067E /* FMDBMigrationManager.m */ = {isa = PBXFileReference; fileEncoding = 4; lastKnownFileType = sourcecode.c.objc; path = FMDBMigrationManager.m; sourceTree = "<group>"; };
		25D9606E1ECF3B90006E067E /* FMResultSet.h */ = {isa = PBXFileReference; fileEncoding = 4; lastKnownFileType = sourcecode.c.h; path = FMResultSet.h; sourceTree = "<group>"; };
		25D9606F1ECF3B90006E067E /* FMResultSet.m */ = {isa = PBXFileReference; fileEncoding = 4; lastKnownFileType = sourcecode.c.objc; path = FMResultSet.m; sourceTree = "<group>"; };
		25D960761ECFE8DF006E067E /* RecordsTopCategoryInfoTableViewCell.h */ = {isa = PBXFileReference; fileEncoding = 4; lastKnownFileType = sourcecode.c.h; path = RecordsTopCategoryInfoTableViewCell.h; sourceTree = "<group>"; };
		25D960771ECFE8DF006E067E /* RecordsTopCategoryInfoTableViewCell.m */ = {isa = PBXFileReference; fileEncoding = 4; lastKnownFileType = sourcecode.c.objc; path = RecordsTopCategoryInfoTableViewCell.m; sourceTree = "<group>"; };
		25D960781ECFE8DF006E067E /* RecordsTopCategoryInfoTableViewCell.xib */ = {isa = PBXFileReference; fileEncoding = 4; lastKnownFileType = file.xib; path = RecordsTopCategoryInfoTableViewCell.xib; sourceTree = "<group>"; };
		25D9607B1ECFEA04006E067E /* CellIdInfo.h */ = {isa = PBXFileReference; fileEncoding = 4; lastKnownFileType = sourcecode.c.h; path = CellIdInfo.h; sourceTree = "<group>"; };
		25D9607C1ECFEA04006E067E /* CellIdInfo.m */ = {isa = PBXFileReference; fileEncoding = 4; lastKnownFileType = sourcecode.c.objc; path = CellIdInfo.m; sourceTree = "<group>"; };
/* End PBXFileReference section */

/* Begin PBXFrameworksBuildPhase section */
		2510E8C71EC0B4B300EC59E7 /* Frameworks */ = {
			isa = PBXFrameworksBuildPhase;
			buildActionMask = 2147483647;
			files = (
				2501415B1ED86EDE00C813B5 /* Photos.framework in Frameworks */,
				2510E92C1EC8617F00EC59E7 /* libsqlite3.tbd in Frameworks */,
			);
			runOnlyForDeploymentPostprocessing = 0;
		};
		2510E8E31EC0B4B400EC59E7 /* Frameworks */ = {
			isa = PBXFrameworksBuildPhase;
			buildActionMask = 2147483647;
			files = (
			);
			runOnlyForDeploymentPostprocessing = 0;
		};
		2510E8EE1EC0B4B400EC59E7 /* Frameworks */ = {
			isa = PBXFrameworksBuildPhase;
			buildActionMask = 2147483647;
			files = (
			);
			runOnlyForDeploymentPostprocessing = 0;
		};
/* End PBXFrameworksBuildPhase section */

/* Begin PBXGroup section */
		250141501ED721D700C813B5 /* PhotoSelection */ = {
			isa = PBXGroup;
			children = (
				250141511ED7220700C813B5 /* PhotoSelection.storyboard */,
				250141531ED7240900C813B5 /* PhotoSelectionContainerNavVC.h */,
				250141541ED7240900C813B5 /* PhotoSelectionContainerNavVC.m */,
				250141561ED7251000C813B5 /* PhotoSelectionRootViewController.h */,
				250141571ED7251000C813B5 /* PhotoSelectionRootViewController.m */,
				250141621EDA70BF00C813B5 /* PhotoSelectionAlbumTableViewCell.h */,
				250141631EDA70BF00C813B5 /* PhotoSelectionAlbumTableViewCell.m */,
				250141641EDA70BF00C813B5 /* PhotoSelectionAlbumTableViewCell.xib */,
				250141671EDA759700C813B5 /* PhotoSelectionAlbumDetailViewController.h */,
				250141681EDA759700C813B5 /* PhotoSelectionAlbumDetailViewController.m */,
				250141691EDA759700C813B5 /* PhotoSelectionAlbumDetailViewController.xib */,
				2501416C1EDA7C2D00C813B5 /* PhotoSelectionItemCollectionViewCell.h */,
				2501416D1EDA7C2D00C813B5 /* PhotoSelectionItemCollectionViewCell.m */,
				2501416E1EDA7C2D00C813B5 /* PhotoSelectionItemCollectionViewCell.xib */,
				250141711EDA7C7D00C813B5 /* PhotoSelectionItemFooterReusableView.h */,
				250141721EDA7C7D00C813B5 /* PhotoSelectionItemFooterReusableView.m */,
				250141731EDA7C7D00C813B5 /* PhotoSelectionItemFooterReusableView.xib */,
			);
			path = PhotoSelection;
			sourceTree = "<group>";
		};
		2510E8C11EC0B4B300EC59E7 = {
			isa = PBXGroup;
			children = (
				2510E8CC1EC0B4B300EC59E7 /* MyRecordProj */,
				2510E8E91EC0B4B400EC59E7 /* MyRecordProjTests */,
				2510E8F41EC0B4B400EC59E7 /* MyRecordProjUITests */,
				2510E8CB1EC0B4B300EC59E7 /* Products */,
				2510E91B1EC7491D00EC59E7 /* Frameworks */,
			);
			sourceTree = "<group>";
		};
		2510E8CB1EC0B4B300EC59E7 /* Products */ = {
			isa = PBXGroup;
			children = (
				2510E8CA1EC0B4B300EC59E7 /* MyRecordProj.app */,
				2510E8E61EC0B4B400EC59E7 /* MyRecordProjTests.xctest */,
				2510E8F11EC0B4B400EC59E7 /* MyRecordProjUITests.xctest */,
			);
			name = Products;
			sourceTree = "<group>";
		};
		2510E8CC1EC0B4B300EC59E7 /* MyRecordProj */ = {
			isa = PBXGroup;
			children = (
				250141501ED721D700C813B5 /* PhotoSelection */,
				25D960611ECF3B90006E067E /* 3rd */,
				25D960521ECF3B6D006E067E /* common */,
				25D960441ECC99A2006E067E /* cell_prototype */,
				25D9603E1ECC8D59006E067E /* db_upgrade */,
				2510E9271EC85E2900EC59E7 /* models */,
				2510E9151EC5FF1B00EC59E7 /* vcs */,
				2510E9041EC0B67600EC59E7 /* launch */,
				2510E9031EC0B66800EC59E7 /* res */,
				2510E8CD1EC0B4B300EC59E7 /* Supporting Files */,
			);
			path = MyRecordProj;
			sourceTree = "<group>";
		};
		2510E8CD1EC0B4B300EC59E7 /* Supporting Files */ = {
			isa = PBXGroup;
			children = (
				2510E8CE1EC0B4B300EC59E7 /* main.m */,
			);
			name = "Supporting Files";
			sourceTree = "<group>";
		};
		2510E8E91EC0B4B400EC59E7 /* MyRecordProjTests */ = {
			isa = PBXGroup;
			children = (
				2510E8EA1EC0B4B400EC59E7 /* MyRecordProjTests.m */,
				2510E8EC1EC0B4B400EC59E7 /* Info.plist */,
			);
			path = MyRecordProjTests;
			sourceTree = "<group>";
		};
		2510E8F41EC0B4B400EC59E7 /* MyRecordProjUITests */ = {
			isa = PBXGroup;
			children = (
				2510E8F51EC0B4B400EC59E7 /* MyRecordProjUITests.m */,
				2510E8F71EC0B4B400EC59E7 /* Info.plist */,
			);
			path = MyRecordProjUITests;
			sourceTree = "<group>";
		};
		2510E9031EC0B66800EC59E7 /* res */ = {
			isa = PBXGroup;
			children = (
				2510E8E11EC0B4B400EC59E7 /* Info.plist */,
				2510E9101EC0B7BB00EC59E7 /* Localizable.strings */,
				2510E90C1EC0B79F00EC59E7 /* InfoPlist.strings */,
				2510E8DC1EC0B4B400EC59E7 /* Assets.xcassets */,
			);
			name = res;
			sourceTree = "<group>";
		};
		2510E9041EC0B67600EC59E7 /* launch */ = {
			isa = PBXGroup;
			children = (
				2510E8DE1EC0B4B400EC59E7 /* LaunchScreen.storyboard */,
				2510E8D91EC0B4B400EC59E7 /* Main.storyboard */,
				2510E8D01EC0B4B300EC59E7 /* AppDelegate.h */,
				2510E8D11EC0B4B300EC59E7 /* AppDelegate.m */,
				25D9604C1ECF3956006E067E /* MyCommonHeaders.h */,
			);
			name = launch;
			sourceTree = "<group>";
		};
		2510E9151EC5FF1B00EC59E7 /* vcs */ = {
			isa = PBXGroup;
			children = (
				2510E8D31EC0B4B300EC59E7 /* FirstViewController.h */,
				2510E8D41EC0B4B300EC59E7 /* FirstViewController.m */,
				2510E8D61EC0B4B300EC59E7 /* SecondViewController.h */,
				2510E8D71EC0B4B300EC59E7 /* SecondViewController.m */,
				2510E9161EC5FF9000EC59E7 /* MyCustomTabbarViewController.h */,
				2510E9171EC5FF9000EC59E7 /* MyCustomTabbarViewController.m */,
				2510E9221EC8545A00EC59E7 /* CreateRecord.storyboard */,
				2510E9241EC854AE00EC59E7 /* CreateRecordViewController.h */,
				2510E9251EC854AE00EC59E7 /* CreateRecordViewController.m */,
				25D9603F1ECC947C006E067E /* CreateCategory.storyboard */,
				25D960411ECC949F006E067E /* CreateCategoryViewController.h */,
				25D960421ECC949F006E067E /* CreateCategoryViewController.m */,
			);
			name = vcs;
			sourceTree = "<group>";
		};
		2510E91B1EC7491D00EC59E7 /* Frameworks */ = {
			isa = PBXGroup;
			children = (
				2501415A1ED86EDE00C813B5 /* Photos.framework */,
				2510E92B1EC8617F00EC59E7 /* libsqlite3.tbd */,
				2510E91C1EC7491D00EC59E7 /* MyIosFramework.framework */,
			);
			name = Frameworks;
			sourceTree = "<group>";
		};
		2510E9271EC85E2900EC59E7 /* models */ = {
			isa = PBXGroup;
			children = (
				2510E9281EC85E4000EC59E7 /* DbHandler.h */,
				2510E9291EC85E4000EC59E7 /* DbHandler.m */,
				2510E92D1ECB3B9C00EC59E7 /* CategoryInfo.h */,
				2510E92E1ECB3B9C00EC59E7 /* CategoryInfo.m */,
				2510E9301ECB3BAB00EC59E7 /* RecordInfo.h */,
				2510E9311ECB3BAB00EC59E7 /* RecordInfo.m */,
				2510E9331ECB477C00EC59E7 /* RecordSection.h */,
				2510E9341ECB477C00EC59E7 /* RecordSection.m */,
				2510E9361ECB478A00EC59E7 /* RecordSectionItem.h */,
				2510E9371ECB478A00EC59E7 /* RecordSectionItem.m */,
				2553972B1ED07DF300F6EC45 /* RecordCreateSectionInfo.h */,
				2553972C1ED07DF300F6EC45 /* RecordCreateSectionInfo.m */,
			);
			name = models;
			sourceTree = "<group>";
		};
		25D9603E1ECC8D59006E067E /* db_upgrade */ = {
			isa = PBXGroup;
			children = (
			);
			name = db_upgrade;
			sourceTree = "<group>";
		};
		25D960441ECC99A2006E067E /* cell_prototype */ = {
			isa = PBXGroup;
			children = (
				25D960451ECC99D0006E067E /* CategoryCreateTFTableViewCell.h */,
				25D960461ECC99D0006E067E /* CategoryCreateTFTableViewCell.m */,
				25D960761ECFE8DF006E067E /* RecordsTopCategoryInfoTableViewCell.h */,
				25D960771ECFE8DF006E067E /* RecordsTopCategoryInfoTableViewCell.m */,
				25D960781ECFE8DF006E067E /* RecordsTopCategoryInfoTableViewCell.xib */,
				25D9607B1ECFEA04006E067E /* CellIdInfo.h */,
				25D9607C1ECFEA04006E067E /* CellIdInfo.m */,
				2553972E1ED081A800F6EC45 /* CreateSectionTitleTableViewCell.h */,
				2553972F1ED081A800F6EC45 /* CreateSectionTitleTableViewCell.m */,
				255397301ED081A800F6EC45 /* CreateSectionTitleTableViewCell.xib */,
				255397331ED081BD00F6EC45 /* CreateSectionTxtTableViewCell.h */,
				255397341ED081BD00F6EC45 /* CreateSectionTxtTableViewCell.m */,
				255397351ED081BD00F6EC45 /* CreateSectionTxtTableViewCell.xib */,
				255397381ED081CF00F6EC45 /* CreateSectionImgTableViewCell.h */,
				255397391ED081CF00F6EC45 /* CreateSectionImgTableViewCell.m */,
				2553973A1ED081CF00F6EC45 /* CreateSectionImgTableViewCell.xib */,
				2553973D1ED13C3500F6EC45 /* CreateSectionFooterView.xib */,
				2553973F1ED13C4F00F6EC45 /* CreateSectionFooterView.h */,
				255397401ED13C4F00F6EC45 /* CreateSectionFooterView.m */,
				255397421ED478E900F6EC45 /* ImageCollectionViewCell.h */,
				255397431ED478E900F6EC45 /* ImageCollectionViewCell.m */,
				255397441ED478E900F6EC45 /* ImageCollectionViewCell.xib */,
				25925D911EDAB958000F6B06 /* CreateSectionHeaderView.xib */,
				25925D931EDAB973000F6B06 /* CreateSectionHeaderView.h */,
				25925D941EDAB973000F6B06 /* CreateSectionHeaderView.m */,
			);
			name = cell_prototype;
			sourceTree = "<group>";
		};
		25D960521ECF3B6D006E067E /* common */ = {
			isa = PBXGroup;
			children = (
				25D960531ECF3B6D006E067E /* MyColor.h */,
				25D960541ECF3B6D006E067E /* MyColor.m */,
				25D960551ECF3B6D006E067E /* MyRootViewController.h */,
				25D960561ECF3B6D006E067E /* MyRootViewController.m */,
				25D960571ECF3B6D006E067E /* MyUtility.h */,
				25D960581ECF3B6D006E067E /* MyUtility.m */,
				25D960591ECF3B6D006E067E /* TextContentCollectionReusableView.h */,
				25D9605A1ECF3B6D006E067E /* TextContentCollectionReusableView.m */,
				25D9605B1ECF3B6D006E067E /* TextContentCollectionReusableView.xib */,
				255397281ED0434E00F6EC45 /* MyCustomNotificationObserver.h */,
				255397291ED0434E00F6EC45 /* MyCustomNotificationObserver.m */,
				2501415C1ED8709200C813B5 /* AppCoverView.xib */,
				2501415E1ED870AA00C813B5 /* AppCoverView.h */,
				2501415F1ED870AA00C813B5 /* AppCoverView.m */,
			);
			path = common;
			sourceTree = "<group>";
		};
		25D960611ECF3B90006E067E /* 3rd */ = {
			isa = PBXGroup;
			children = (
				25D960621ECF3B90006E067E /* fmdb */,
			);
			path = 3rd;
			sourceTree = "<group>";
		};
		25D960621ECF3B90006E067E /* fmdb */ = {
			isa = PBXGroup;
			children = (
				25D960631ECF3B90006E067E /* FMDatabase.h */,
				25D960641ECF3B90006E067E /* FMDatabase.m */,
				25D960651ECF3B90006E067E /* FMDatabaseAdditions.h */,
				25D960661ECF3B90006E067E /* FMDatabaseAdditions.m */,
				25D960671ECF3B90006E067E /* FMDatabasePool.h */,
				25D960681ECF3B90006E067E /* FMDatabasePool.m */,
				25D960691ECF3B90006E067E /* FMDatabaseQueue.h */,
				25D9606A1ECF3B90006E067E /* FMDatabaseQueue.m */,
				25D9606B1ECF3B90006E067E /* FMDB.h */,
				25D9606C1ECF3B90006E067E /* FMDBMigrationManager.h */,
				25D9606D1ECF3B90006E067E /* FMDBMigrationManager.m */,
				25D9606E1ECF3B90006E067E /* FMResultSet.h */,
				25D9606F1ECF3B90006E067E /* FMResultSet.m */,
			);
			path = fmdb;
			sourceTree = "<group>";
		};
/* End PBXGroup section */

/* Begin PBXNativeTarget section */
		2510E8C91EC0B4B300EC59E7 /* MyRecordProj */ = {
			isa = PBXNativeTarget;
			buildConfigurationList = 2510E8FA1EC0B4B400EC59E7 /* Build configuration list for PBXNativeTarget "MyRecordProj" */;
			buildPhases = (
				2510E8C61EC0B4B300EC59E7 /* Sources */,
				2510E8C71EC0B4B300EC59E7 /* Frameworks */,
				2510E8C81EC0B4B300EC59E7 /* Resources */,
			);
			buildRules = (
			);
			dependencies = (
			);
			name = MyRecordProj;
			productName = MyRecordProj;
			productReference = 2510E8CA1EC0B4B300EC59E7 /* MyRecordProj.app */;
			productType = "com.apple.product-type.application";
		};
		2510E8E51EC0B4B400EC59E7 /* MyRecordProjTests */ = {
			isa = PBXNativeTarget;
			buildConfigurationList = 2510E8FD1EC0B4B400EC59E7 /* Build configuration list for PBXNativeTarget "MyRecordProjTests" */;
			buildPhases = (
				2510E8E21EC0B4B400EC59E7 /* Sources */,
				2510E8E31EC0B4B400EC59E7 /* Frameworks */,
				2510E8E41EC0B4B400EC59E7 /* Resources */,
			);
			buildRules = (
			);
			dependencies = (
				2510E8E81EC0B4B400EC59E7 /* PBXTargetDependency */,
			);
			name = MyRecordProjTests;
			productName = MyRecordProjTests;
			productReference = 2510E8E61EC0B4B400EC59E7 /* MyRecordProjTests.xctest */;
			productType = "com.apple.product-type.bundle.unit-test";
		};
		2510E8F01EC0B4B400EC59E7 /* MyRecordProjUITests */ = {
			isa = PBXNativeTarget;
			buildConfigurationList = 2510E9001EC0B4B400EC59E7 /* Build configuration list for PBXNativeTarget "MyRecordProjUITests" */;
			buildPhases = (
				2510E8ED1EC0B4B400EC59E7 /* Sources */,
				2510E8EE1EC0B4B400EC59E7 /* Frameworks */,
				2510E8EF1EC0B4B400EC59E7 /* Resources */,
			);
			buildRules = (
			);
			dependencies = (
				2510E8F31EC0B4B400EC59E7 /* PBXTargetDependency */,
			);
			name = MyRecordProjUITests;
			productName = MyRecordProjUITests;
			productReference = 2510E8F11EC0B4B400EC59E7 /* MyRecordProjUITests.xctest */;
			productType = "com.apple.product-type.bundle.ui-testing";
		};
/* End PBXNativeTarget section */

/* Begin PBXProject section */
		2510E8C21EC0B4B300EC59E7 /* Project object */ = {
			isa = PBXProject;
			attributes = {
				LastUpgradeCheck = 0830;
				ORGANIZATIONNAME = " qin";
				TargetAttributes = {
					2510E8C91EC0B4B300EC59E7 = {
						CreatedOnToolsVersion = 8.3.2;
						DevelopmentTeam = 36Y8RN8MDS;
						ProvisioningStyle = Automatic;
					};
					2510E8E51EC0B4B400EC59E7 = {
						CreatedOnToolsVersion = 8.3.2;
						DevelopmentTeam = 36Y8RN8MDS;
						ProvisioningStyle = Automatic;
						TestTargetID = 2510E8C91EC0B4B300EC59E7;
					};
					2510E8F01EC0B4B400EC59E7 = {
						CreatedOnToolsVersion = 8.3.2;
						DevelopmentTeam = 36Y8RN8MDS;
						ProvisioningStyle = Automatic;
						TestTargetID = 2510E8C91EC0B4B300EC59E7;
					};
				};
			};
			buildConfigurationList = 2510E8C51EC0B4B300EC59E7 /* Build configuration list for PBXProject "MyRecordProj" */;
			compatibilityVersion = "Xcode 3.2";
			developmentRegion = English;
			hasScannedForEncodings = 0;
			knownRegions = (
				en,
				Base,
				"zh-Hans",
			);
			mainGroup = 2510E8C11EC0B4B300EC59E7;
			productRefGroup = 2510E8CB1EC0B4B300EC59E7 /* Products */;
			projectDirPath = "";
			projectRoot = "";
			targets = (
				2510E8C91EC0B4B300EC59E7 /* MyRecordProj */,
				2510E8E51EC0B4B400EC59E7 /* MyRecordProjTests */,
				2510E8F01EC0B4B400EC59E7 /* MyRecordProjUITests */,
			);
		};
/* End PBXProject section */

/* Begin PBXResourcesBuildPhase section */
		2510E8C81EC0B4B300EC59E7 /* Resources */ = {
			isa = PBXResourcesBuildPhase;
			buildActionMask = 2147483647;
			files = (
				25D960601ECF3B6D006E067E /* TextContentCollectionReusableView.xib in Resources */,
				250141751EDA7C7D00C813B5 /* PhotoSelectionItemFooterReusableView.xib in Resources */,
				250141661EDA70BF00C813B5 /* PhotoSelectionAlbumTableViewCell.xib in Resources */,
				2510E90E1EC0B7BB00EC59E7 /* Localizable.strings in Resources */,
				2510E9231EC8545A00EC59E7 /* CreateRecord.storyboard in Resources */,
				2510E8E01EC0B4B400EC59E7 /* LaunchScreen.storyboard in Resources */,
				250141521ED7220700C813B5 /* PhotoSelection.storyboard in Resources */,
				2510E90A1EC0B79F00EC59E7 /* InfoPlist.strings in Resources */,
				2553973C1ED081CF00F6EC45 /* CreateSectionImgTableViewCell.xib in Resources */,
				2510E8DD1EC0B4B400EC59E7 /* Assets.xcassets in Resources */,
				25D960401ECC947C006E067E /* CreateCategory.storyboard in Resources */,
				255397371ED081BD00F6EC45 /* CreateSectionTxtTableViewCell.xib in Resources */,
				2510E8DB1EC0B4B400EC59E7 /* Main.storyboard in Resources */,
				255397461ED478E900F6EC45 /* ImageCollectionViewCell.xib in Resources */,
				2501415D1ED8709200C813B5 /* AppCoverView.xib in Resources */,
				255397321ED081A800F6EC45 /* CreateSectionTitleTableViewCell.xib in Resources */,
				2501416B1EDA759700C813B5 /* PhotoSelectionAlbumDetailViewController.xib in Resources */,
				2553973E1ED13C3500F6EC45 /* CreateSectionFooterView.xib in Resources */,
				250141701EDA7C2D00C813B5 /* PhotoSelectionItemCollectionViewCell.xib in Resources */,
				25D9607A1ECFE8DF006E067E /* RecordsTopCategoryInfoTableViewCell.xib in Resources */,
				25925D921EDAB958000F6B06 /* CreateSectionHeaderView.xib in Resources */,
			);
			runOnlyForDeploymentPostprocessing = 0;
		};
		2510E8E41EC0B4B400EC59E7 /* Resources */ = {
			isa = PBXResourcesBuildPhase;
			buildActionMask = 2147483647;
			files = (
			);
			runOnlyForDeploymentPostprocessing = 0;
		};
		2510E8EF1EC0B4B400EC59E7 /* Resources */ = {
			isa = PBXResourcesBuildPhase;
			buildActionMask = 2147483647;
			files = (
			);
			runOnlyForDeploymentPostprocessing = 0;
		};
/* End PBXResourcesBuildPhase section */

/* Begin PBXSourcesBuildPhase section */
		2510E8C61EC0B4B300EC59E7 /* Sources */ = {
			isa = PBXSourcesBuildPhase;
			buildActionMask = 2147483647;
			files = (
				25D9605E1ECF3B6D006E067E /* MyUtility.m in Sources */,
				2510E9181EC5FF9000EC59E7 /* MyCustomTabbarViewController.m in Sources */,
				2510E8D81EC0B4B400EC59E7 /* SecondViewController.m in Sources */,
				2553972A1ED0434E00F6EC45 /* MyCustomNotificationObserver.m in Sources */,
				25D960701ECF3B90006E067E /* FMDatabase.m in Sources */,
				2510E9351ECB477C00EC59E7 /* RecordSection.m in Sources */,
				2510E8D21EC0B4B300EC59E7 /* AppDelegate.m in Sources */,
				25D960471ECC99D0006E067E /* CategoryCreateTFTableViewCell.m in Sources */,
				25D960741ECF3B90006E067E /* FMDBMigrationManager.m in Sources */,
				25925D951EDAB973000F6B06 /* CreateSectionHeaderView.m in Sources */,
				25D9607D1ECFEA04006E067E /* CellIdInfo.m in Sources */,
				250141551ED7240900C813B5 /* PhotoSelectionContainerNavVC.m in Sources */,
				250141601ED870AA00C813B5 /* AppCoverView.m in Sources */,
				2510E92F1ECB3B9C00EC59E7 /* CategoryInfo.m in Sources */,
				250141651EDA70BF00C813B5 /* PhotoSelectionAlbumTableViewCell.m in Sources */,
				2501416A1EDA759700C813B5 /* PhotoSelectionAlbumDetailViewController.m in Sources */,
				2510E8D51EC0B4B300EC59E7 /* FirstViewController.m in Sources */,
				2553972D1ED07DF300F6EC45 /* RecordCreateSectionInfo.m in Sources */,
				25D960431ECC949F006E067E /* CreateCategoryViewController.m in Sources */,
				255397311ED081A800F6EC45 /* CreateSectionTitleTableViewCell.m in Sources */,
				2501416F1EDA7C2D00C813B5 /* PhotoSelectionItemCollectionViewCell.m in Sources */,
				2510E9321ECB3BAB00EC59E7 /* RecordInfo.m in Sources */,
				2510E8CF1EC0B4B300EC59E7 /* main.m in Sources */,
				2553973B1ED081CF00F6EC45 /* CreateSectionImgTableViewCell.m in Sources */,
				2510E9381ECB478A00EC59E7 /* RecordSectionItem.m in Sources */,
				255397411ED13C4F00F6EC45 /* CreateSectionFooterView.m in Sources */,
				25D9605C1ECF3B6D006E067E /* MyColor.m in Sources */,
				25D9605F1ECF3B6D006E067E /* TextContentCollectionReusableView.m in Sources */,
				25D960711ECF3B90006E067E /* FMDatabaseAdditions.m in Sources */,
				255397361ED081BD00F6EC45 /* CreateSectionTxtTableViewCell.m in Sources */,
				25D960751ECF3B90006E067E /* FMResultSet.m in Sources */,
				25D960791ECFE8DF006E067E /* RecordsTopCategoryInfoTableViewCell.m in Sources */,
				2510E92A1EC85E4000EC59E7 /* DbHandler.m in Sources */,
				25D960731ECF3B90006E067E /* FMDatabaseQueue.m in Sources */,
				25D960721ECF3B90006E067E /* FMDatabasePool.m in Sources */,
				2510E9261EC854AE00EC59E7 /* CreateRecordViewController.m in Sources */,
				255397451ED478E900F6EC45 /* ImageCollectionViewCell.m in Sources */,
				250141741EDA7C7D00C813B5 /* PhotoSelectionItemFooterReusableView.m in Sources */,
				250141581ED7251000C813B5 /* PhotoSelectionRootViewController.m in Sources */,
				25D9605D1ECF3B6D006E067E /* MyRootViewController.m in Sources */,
			);
			runOnlyForDeploymentPostprocessing = 0;
		};
		2510E8E21EC0B4B400EC59E7 /* Sources */ = {
			isa = PBXSourcesBuildPhase;
			buildActionMask = 2147483647;
			files = (
				2510E8EB1EC0B4B400EC59E7 /* MyRecordProjTests.m in Sources */,
			);
			runOnlyForDeploymentPostprocessing = 0;
		};
		2510E8ED1EC0B4B400EC59E7 /* Sources */ = {
			isa = PBXSourcesBuildPhase;
			buildActionMask = 2147483647;
			files = (
				2510E8F61EC0B4B400EC59E7 /* MyRecordProjUITests.m in Sources */,
			);
			runOnlyForDeploymentPostprocessing = 0;
		};
/* End PBXSourcesBuildPhase section */

/* Begin PBXTargetDependency section */
		2510E8E81EC0B4B400EC59E7 /* PBXTargetDependency */ = {
			isa = PBXTargetDependency;
			target = 2510E8C91EC0B4B300EC59E7 /* MyRecordProj */;
			targetProxy = 2510E8E71EC0B4B400EC59E7 /* PBXContainerItemProxy */;
		};
		2510E8F31EC0B4B400EC59E7 /* PBXTargetDependency */ = {
			isa = PBXTargetDependency;
			target = 2510E8C91EC0B4B300EC59E7 /* MyRecordProj */;
			targetProxy = 2510E8F21EC0B4B400EC59E7 /* PBXContainerItemProxy */;
		};
/* End PBXTargetDependency section */

/* Begin PBXVariantGroup section */
		2510E8D91EC0B4B400EC59E7 /* Main.storyboard */ = {
			isa = PBXVariantGroup;
			children = (
				2510E8DA1EC0B4B400EC59E7 /* Base */,
			);
			name = Main.storyboard;
			sourceTree = "<group>";
		};
		2510E8DE1EC0B4B400EC59E7 /* LaunchScreen.storyboard */ = {
			isa = PBXVariantGroup;
			children = (
				2510E8DF1EC0B4B400EC59E7 /* Base */,
			);
			name = LaunchScreen.storyboard;
			sourceTree = "<group>";
		};
		2510E90C1EC0B79F00EC59E7 /* InfoPlist.strings */ = {
			isa = PBXVariantGroup;
			children = (
				2510E90B1EC0B79F00EC59E7 /* Base */,
				2510E90D1EC0B7A400EC59E7 /* zh-Hans */,
			);
			name = InfoPlist.strings;
			sourceTree = "<group>";
		};
		2510E9101EC0B7BB00EC59E7 /* Localizable.strings */ = {
			isa = PBXVariantGroup;
			children = (
				2510E90F1EC0B7BB00EC59E7 /* Base */,
				2510E9111EC0B7BD00EC59E7 /* zh-Hans */,
			);
			name = Localizable.strings;
			sourceTree = "<group>";
		};
/* End PBXVariantGroup section */

/* Begin XCBuildConfiguration section */
		2510E8F81EC0B4B400EC59E7 /* Debug */ = {
			isa = XCBuildConfiguration;
			buildSettings = {
				ALWAYS_SEARCH_USER_PATHS = NO;
				CLANG_ANALYZER_LOCALIZABILITY_NONLOCALIZED = YES;
				CLANG_ANALYZER_NONNULL = YES;
				CLANG_ANALYZER_NUMBER_OBJECT_CONVERSION = YES_AGGRESSIVE;
				CLANG_CXX_LANGUAGE_STANDARD = "gnu++0x";
				CLANG_CXX_LIBRARY = "libc++";
				CLANG_ENABLE_MODULES = YES;
				CLANG_ENABLE_OBJC_ARC = YES;
				CLANG_WARN_BOOL_CONVERSION = YES;
				CLANG_WARN_CONSTANT_CONVERSION = YES;
				CLANG_WARN_DIRECT_OBJC_ISA_USAGE = YES_ERROR;
				CLANG_WARN_DOCUMENTATION_COMMENTS = YES;
				CLANG_WARN_EMPTY_BODY = YES;
				CLANG_WARN_ENUM_CONVERSION = YES;
				CLANG_WARN_INFINITE_RECURSION = YES;
				CLANG_WARN_INT_CONVERSION = YES;
				CLANG_WARN_OBJC_ROOT_CLASS = YES_ERROR;
				CLANG_WARN_SUSPICIOUS_MOVE = YES;
				CLANG_WARN_UNREACHABLE_CODE = YES;
				CLANG_WARN__DUPLICATE_METHOD_MATCH = YES;
				"CODE_SIGN_IDENTITY[sdk=iphoneos*]" = "iPhone Developer";
				COPY_PHASE_STRIP = NO;
				DEBUG_INFORMATION_FORMAT = dwarf;
				ENABLE_STRICT_OBJC_MSGSEND = YES;
				ENABLE_TESTABILITY = YES;
				GCC_C_LANGUAGE_STANDARD = gnu99;
				GCC_DYNAMIC_NO_PIC = NO;
				GCC_NO_COMMON_BLOCKS = YES;
				GCC_OPTIMIZATION_LEVEL = 0;
				GCC_PREPROCESSOR_DEFINITIONS = (
					"DEBUG=1",
					"$(inherited)",
				);
				GCC_WARN_64_TO_32_BIT_CONVERSION = YES;
				GCC_WARN_ABOUT_RETURN_TYPE = YES_ERROR;
				GCC_WARN_UNDECLARED_SELECTOR = YES;
				GCC_WARN_UNINITIALIZED_AUTOS = YES_AGGRESSIVE;
				GCC_WARN_UNUSED_FUNCTION = YES;
				GCC_WARN_UNUSED_VARIABLE = YES;
				IPHONEOS_DEPLOYMENT_TARGET = 10.3;
				MTL_ENABLE_DEBUG_INFO = YES;
				ONLY_ACTIVE_ARCH = YES;
				SDKROOT = iphoneos;
				TARGETED_DEVICE_FAMILY = "1,2";
			};
			name = Debug;
		};
		2510E8F91EC0B4B400EC59E7 /* Release */ = {
			isa = XCBuildConfiguration;
			buildSettings = {
				ALWAYS_SEARCH_USER_PATHS = NO;
				CLANG_ANALYZER_LOCALIZABILITY_NONLOCALIZED = YES;
				CLANG_ANALYZER_NONNULL = YES;
				CLANG_ANALYZER_NUMBER_OBJECT_CONVERSION = YES_AGGRESSIVE;
				CLANG_CXX_LANGUAGE_STANDARD = "gnu++0x";
				CLANG_CXX_LIBRARY = "libc++";
				CLANG_ENABLE_MODULES = YES;
				CLANG_ENABLE_OBJC_ARC = YES;
				CLANG_WARN_BOOL_CONVERSION = YES;
				CLANG_WARN_CONSTANT_CONVERSION = YES;
				CLANG_WARN_DIRECT_OBJC_ISA_USAGE = YES_ERROR;
				CLANG_WARN_DOCUMENTATION_COMMENTS = YES;
				CLANG_WARN_EMPTY_BODY = YES;
				CLANG_WARN_ENUM_CONVERSION = YES;
				CLANG_WARN_INFINITE_RECURSION = YES;
				CLANG_WARN_INT_CONVERSION = YES;
				CLANG_WARN_OBJC_ROOT_CLASS = YES_ERROR;
				CLANG_WARN_SUSPICIOUS_MOVE = YES;
				CLANG_WARN_UNREACHABLE_CODE = YES;
				CLANG_WARN__DUPLICATE_METHOD_MATCH = YES;
				"CODE_SIGN_IDENTITY[sdk=iphoneos*]" = "iPhone Developer";
				COPY_PHASE_STRIP = NO;
				DEBUG_INFORMATION_FORMAT = "dwarf-with-dsym";
				ENABLE_NS_ASSERTIONS = NO;
				ENABLE_STRICT_OBJC_MSGSEND = YES;
				GCC_C_LANGUAGE_STANDARD = gnu99;
				GCC_NO_COMMON_BLOCKS = YES;
				GCC_WARN_64_TO_32_BIT_CONVERSION = YES;
				GCC_WARN_ABOUT_RETURN_TYPE = YES_ERROR;
				GCC_WARN_UNDECLARED_SELECTOR = YES;
				GCC_WARN_UNINITIALIZED_AUTOS = YES_AGGRESSIVE;
				GCC_WARN_UNUSED_FUNCTION = YES;
				GCC_WARN_UNUSED_VARIABLE = YES;
				IPHONEOS_DEPLOYMENT_TARGET = 10.3;
				MTL_ENABLE_DEBUG_INFO = NO;
				SDKROOT = iphoneos;
				TARGETED_DEVICE_FAMILY = "1,2";
				VALIDATE_PRODUCT = YES;
			};
			name = Release;
		};
		2510E8FB1EC0B4B400EC59E7 /* Debug */ = {
			isa = XCBuildConfiguration;
			buildSettings = {
				ASSETCATALOG_COMPILER_APPICON_NAME = AppIcon;
				CLANG_ENABLE_MODULES = YES;
				DEVELOPMENT_TEAM = 36Y8RN8MDS;
				FRAMEWORK_SEARCH_PATHS = (
					"$(inherited)",
					"$(PROJECT_DIR)/MyRecordProj/**",
				);
				HEADER_SEARCH_PATHS = "$(PROJECT_DIR)/MyRecordProj/**";
				INFOPLIST_FILE = MyRecordProj/Info.plist;
				IPHONEOS_DEPLOYMENT_TARGET = 9.0;
				LD_RUNPATH_SEARCH_PATHS = "$(inherited) @executable_path/Frameworks";
				ONLY_ACTIVE_ARCH = NO;
				OTHER_LDFLAGS = "";
				PRODUCT_BUNDLE_IDENTIFIER = com.lazilybird.app.MyRecordProj;
				PRODUCT_NAME = "$(TARGET_NAME)";
			};
			name = Debug;
		};
		2510E8FC1EC0B4B400EC59E7 /* Release */ = {
			isa = XCBuildConfiguration;
			buildSettings = {
				ASSETCATALOG_COMPILER_APPICON_NAME = AppIcon;
				CLANG_ENABLE_MODULES = YES;
				DEVELOPMENT_TEAM = 36Y8RN8MDS;
				FRAMEWORK_SEARCH_PATHS = (
					"$(inherited)",
					"$(PROJECT_DIR)/MyRecordProj/**",
				);
				HEADER_SEARCH_PATHS = "$(PROJECT_DIR)/MyRecordProj/**";
				INFOPLIST_FILE = MyRecordProj/Info.plist;
				IPHONEOS_DEPLOYMENT_TARGET = 9.0;
				LD_RUNPATH_SEARCH_PATHS = "$(inherited) @executable_path/Frameworks";
				OTHER_LDFLAGS = "";
				PRODUCT_BUNDLE_IDENTIFIER = com.lazilybird.app.MyRecordProj;
				PRODUCT_NAME = "$(TARGET_NAME)";
			};
			name = Release;
		};
		2510E8FE1EC0B4B400EC59E7 /* Debug */ = {
			isa = XCBuildConfiguration;
			buildSettings = {
				BUNDLE_LOADER = "$(TEST_HOST)";
				DEVELOPMENT_TEAM = 36Y8RN8MDS;
				INFOPLIST_FILE = MyRecordProjTests/Info.plist;
				LD_RUNPATH_SEARCH_PATHS = "$(inherited) @executable_path/Frameworks @loader_path/Frameworks";
				PRODUCT_BUNDLE_IDENTIFIER = com.lazilybird.app.MyRecordProjTests;
				PRODUCT_NAME = "$(TARGET_NAME)";
				TEST_HOST = "$(BUILT_PRODUCTS_DIR)/MyRecordProj.app/MyRecordProj";
			};
			name = Debug;
		};
		2510E8FF1EC0B4B400EC59E7 /* Release */ = {
			isa = XCBuildConfiguration;
			buildSettings = {
				BUNDLE_LOADER = "$(TEST_HOST)";
				DEVELOPMENT_TEAM = 36Y8RN8MDS;
				INFOPLIST_FILE = MyRecordProjTests/Info.plist;
				LD_RUNPATH_SEARCH_PATHS = "$(inherited) @executable_path/Frameworks @loader_path/Frameworks";
				PRODUCT_BUNDLE_IDENTIFIER = com.lazilybird.app.MyRecordProjTests;
				PRODUCT_NAME = "$(TARGET_NAME)";
				TEST_HOST = "$(BUILT_PRODUCTS_DIR)/MyRecordProj.app/MyRecordProj";
			};
			name = Release;
		};
		2510E9011EC0B4B400EC59E7 /* Debug */ = {
			isa = XCBuildConfiguration;
			buildSettings = {
				DEVELOPMENT_TEAM = 36Y8RN8MDS;
				INFOPLIST_FILE = MyRecordProjUITests/Info.plist;
				LD_RUNPATH_SEARCH_PATHS = "$(inherited) @executable_path/Frameworks @loader_path/Frameworks";
				PRODUCT_BUNDLE_IDENTIFIER = com.lazilybird.app.MyRecordProjUITests;
				PRODUCT_NAME = "$(TARGET_NAME)";
				TEST_TARGET_NAME = MyRecordProj;
			};
			name = Debug;
		};
		2510E9021EC0B4B400EC59E7 /* Release */ = {
			isa = XCBuildConfiguration;
			buildSettings = {
				DEVELOPMENT_TEAM = 36Y8RN8MDS;
				INFOPLIST_FILE = MyRecordProjUITests/Info.plist;
				LD_RUNPATH_SEARCH_PATHS = "$(inherited) @executable_path/Frameworks @loader_path/Frameworks";
				PRODUCT_BUNDLE_IDENTIFIER = com.lazilybird.app.MyRecordProjUITests;
				PRODUCT_NAME = "$(TARGET_NAME)";
				TEST_TARGET_NAME = MyRecordProj;
			};
			name = Release;
		};
/* End XCBuildConfiguration section */

/* Begin XCConfigurationList section */
		2510E8C51EC0B4B300EC59E7 /* Build configuration list for PBXProject "MyRecordProj" */ = {
			isa = XCConfigurationList;
			buildConfigurations = (
				2510E8F81EC0B4B400EC59E7 /* Debug */,
				2510E8F91EC0B4B400EC59E7 /* Release */,
			);
			defaultConfigurationIsVisible = 0;
			defaultConfigurationName = Release;
		};
		2510E8FA1EC0B4B400EC59E7 /* Build configuration list for PBXNativeTarget "MyRecordProj" */ = {
			isa = XCConfigurationList;
			buildConfigurations = (
				2510E8FB1EC0B4B400EC59E7 /* Debug */,
				2510E8FC1EC0B4B400EC59E7 /* Release */,
			);
			defaultConfigurationIsVisible = 0;
			defaultConfigurationName = Release;
		};
		2510E8FD1EC0B4B400EC59E7 /* Build configuration list for PBXNativeTarget "MyRecordProjTests" */ = {
			isa = XCConfigurationList;
			buildConfigurations = (
				2510E8FE1EC0B4B400EC59E7 /* Debug */,
				2510E8FF1EC0B4B400EC59E7 /* Release */,
			);
			defaultConfigurationIsVisible = 0;
			defaultConfigurationName = Release;
		};
		2510E9001EC0B4B400EC59E7 /* Build configuration list for PBXNativeTarget "MyRecordProjUITests" */ = {
			isa = XCConfigurationList;
			buildConfigurations = (
				2510E9011EC0B4B400EC59E7 /* Debug */,
				2510E9021EC0B4B400EC59E7 /* Release */,
			);
			defaultConfigurationIsVisible = 0;
			defaultConfigurationName = Release;
		};
/* End XCConfigurationList section */
	};
	rootObject = 2510E8C21EC0B4B300EC59E7 /* Project object */;
}
