// !$*UTF8*$!
{
	archiveVersion = 1;
	classes = {
	};
	objectVersion = 46;
	objects = {

/* Begin PBXBuildFile section */
		2510E8CF1EC0B4B300EC59E7 /* main.m in Sources */ = {isa = PBXBuildFile; fileRef = 2510E8CE1EC0B4B300EC59E7 /* main.m */; };
		2510E8D21EC0B4B300EC59E7 /* AppDelegate.m in Sources */ = {isa = PBXBuildFile; fileRef = 2510E8D11EC0B4B300EC59E7 /* AppDelegate.m */; };
		2510E8D51EC0B4B300EC59E7 /* FirstViewController.m in Sources */ = {isa = PBXBuildFile; fileRef = 2510E8D41EC0B4B300EC59E7 /* FirstViewController.m */; };
		2510E8D81EC0B4B400EC59E7 /* SecondViewController.m in Sources */ = {isa = PBXBuildFile; fileRef = 2510E8D71EC0B4B300EC59E7 /* SecondViewController.m */; };
		2510E8DB1EC0B4B400EC59E7 /* Main.storyboard in Resources */ = {isa = PBXBuildFile; fileRef = 2510E8D91EC0B4B400EC59E7 /* Main.storyboard */; };
		2510E8DD1EC0B4B400EC59E7 /* Assets.xcassets in Resources */ = {isa = PBXBuildFile; fileRef = 2510E8DC1EC0B4B400EC59E7 /* Assets.xcassets */; };
		2510E8E01EC0B4B400EC59E7 /* LaunchScreen.storyboard in Resources */ = {isa = PBXBuildFile; fileRef = 2510E8DE1EC0B4B400EC59E7 /* LaunchScreen.storyboard */; };
		2510E8EB1EC0B4B400EC59E7 /* MyRecordProjTests.m in Sources */ = {isa = PBXBuildFile; fileRef = 2510E8EA1EC0B4B400EC59E7 /* MyRecordProjTests.m */; };
		2510E8F61EC0B4B400EC59E7 /* MyRecordProjUITests.m in Sources */ = {isa = PBXBuildFile; fileRef = 2510E8F51EC0B4B400EC59E7 /* MyRecordProjUITests.m */; };
		2510E90A1EC0B79F00EC59E7 /* InfoPlist.strings in Resources */ = {isa = PBXBuildFile; fileRef = 2510E90C1EC0B79F00EC59E7 /* InfoPlist.strings */; };
		2510E90E1EC0B7BB00EC59E7 /* Localizable.strings in Resources */ = {isa = PBXBuildFile; fileRef = 2510E9101EC0B7BB00EC59E7 /* Localizable.strings */; };
		2510E9141EC0B86D00EC59E7 /* MyIosFramework.framework in Frameworks */ = {isa = PBXBuildFile; fileRef = 2510E9131EC0B86D00EC59E7 /* MyIosFramework.framework */; };
/* End PBXBuildFile section */

/* Begin PBXContainerItemProxy section */
		2510E8E71EC0B4B400EC59E7 /* PBXContainerItemProxy */ = {
			isa = PBXContainerItemProxy;
			containerPortal = 2510E8C21EC0B4B300EC59E7 /* Project object */;
			proxyType = 1;
			remoteGlobalIDString = 2510E8C91EC0B4B300EC59E7;
			remoteInfo = MyRecordProj;
		};
		2510E8F21EC0B4B400EC59E7 /* PBXContainerItemProxy */ = {
			isa = PBXContainerItemProxy;
			containerPortal = 2510E8C21EC0B4B300EC59E7 /* Project object */;
			proxyType = 1;
			remoteGlobalIDString = 2510E8C91EC0B4B300EC59E7;
			remoteInfo = MyRecordProj;
		};
/* End PBXContainerItemProxy section */

/* Begin PBXFileReference section */
		2510E8CA1EC0B4B300EC59E7 /* MyRecordProj.app */ = {isa = PBXFileReference; explicitFileType = wrapper.application; includeInIndex = 0; path = MyRecordProj.app; sourceTree = BUILT_PRODUCTS_DIR; };
		2510E8CE1EC0B4B300EC59E7 /* main.m */ = {isa = PBXFileReference; lastKnownFileType = sourcecode.c.objc; path = main.m; sourceTree = "<group>"; };
		2510E8D01EC0B4B300EC59E7 /* AppDelegate.h */ = {isa = PBXFileReference; lastKnownFileType = sourcecode.c.h; path = AppDelegate.h; sourceTree = "<group>"; };
		2510E8D11EC0B4B300EC59E7 /* AppDelegate.m */ = {isa = PBXFileReference; lastKnownFileType = sourcecode.c.objc; path = AppDelegate.m; sourceTree = "<group>"; };
		2510E8D31EC0B4B300EC59E7 /* FirstViewController.h */ = {isa = PBXFileReference; lastKnownFileType = sourcecode.c.h; path = FirstViewController.h; sourceTree = "<group>"; };
		2510E8D41EC0B4B300EC59E7 /* FirstViewController.m */ = {isa = PBXFileReference; lastKnownFileType = sourcecode.c.objc; path = FirstViewController.m; sourceTree = "<group>"; };
		2510E8D61EC0B4B300EC59E7 /* SecondViewController.h */ = {isa = PBXFileReference; lastKnownFileType = sourcecode.c.h; path = SecondViewController.h; sourceTree = "<group>"; };
		2510E8D71EC0B4B300EC59E7 /* SecondViewController.m */ = {isa = PBXFileReference; lastKnownFileType = sourcecode.c.objc; path = SecondViewController.m; sourceTree = "<group>"; };
		2510E8DA1EC0B4B400EC59E7 /* Base */ = {isa = PBXFileReference; lastKnownFileType = file.storyboard; name = Base; path = Base.lproj/Main.storyboard; sourceTree = "<group>"; };
		2510E8DC1EC0B4B400EC59E7 /* Assets.xcassets */ = {isa = PBXFileReference; lastKnownFileType = folder.assetcatalog; path = Assets.xcassets; sourceTree = "<group>"; };
		2510E8DF1EC0B4B400EC59E7 /* Base */ = {isa = PBXFileReference; lastKnownFileType = file.storyboard; name = Base; path = Base.lproj/LaunchScreen.storyboard; sourceTree = "<group>"; };
		2510E8E11EC0B4B400EC59E7 /* Info.plist */ = {isa = PBXFileReference; lastKnownFileType = text.plist.xml; path = Info.plist; sourceTree = "<group>"; };
		2510E8E61EC0B4B400EC59E7 /* MyRecordProjTests.xctest */ = {isa = PBXFileReference; explicitFileType = wrapper.cfbundle; includeInIndex = 0; path = MyRecordProjTests.xctest; sourceTree = BUILT_PRODUCTS_DIR; };
		2510E8EA1EC0B4B400EC59E7 /* MyRecordProjTests.m */ = {isa = PBXFileReference; lastKnownFileType = sourcecode.c.objc; path = MyRecordProjTests.m; sourceTree = "<group>"; };
		2510E8EC1EC0B4B400EC59E7 /* Info.plist */ = {isa = PBXFileReference; lastKnownFileType = text.plist.xml; path = Info.plist; sourceTree = "<group>"; };
		2510E8F11EC0B4B400EC59E7 /* MyRecordProjUITests.xctest */ = {isa = PBXFileReference; explicitFileType = wrapper.cfbundle; includeInIndex = 0; path = MyRecordProjUITests.xctest; sourceTree = BUILT_PRODUCTS_DIR; };
		2510E8F51EC0B4B400EC59E7 /* MyRecordProjUITests.m */ = {isa = PBXFileReference; lastKnownFileType = sourcecode.c.objc; path = MyRecordProjUITests.m; sourceTree = "<group>"; };
		2510E8F71EC0B4B400EC59E7 /* Info.plist */ = {isa = PBXFileReference; lastKnownFileType = text.plist.xml; path = Info.plist; sourceTree = "<group>"; };
		2510E90B1EC0B79F00EC59E7 /* Base */ = {isa = PBXFileReference; lastKnownFileType = text.plist.strings; name = Base; path = Base.lproj/InfoPlist.strings; sourceTree = "<group>"; };
		2510E90D1EC0B7A400EC59E7 /* zh-Hans */ = {isa = PBXFileReference; lastKnownFileType = text.plist.strings; name = "zh-Hans"; path = "zh-Hans.lproj/InfoPlist.strings"; sourceTree = "<group>"; };
		2510E90F1EC0B7BB00EC59E7 /* Base */ = {isa = PBXFileReference; lastKnownFileType = text.plist.strings; name = Base; path = Base.lproj/Localizable.strings; sourceTree = "<group>"; };
		2510E9111EC0B7BD00EC59E7 /* zh-Hans */ = {isa = PBXFileReference; lastKnownFileType = text.plist.strings; name = "zh-Hans"; path = "zh-Hans.lproj/Localizable.strings"; sourceTree = "<group>"; };
		2510E9131EC0B86D00EC59E7 /* MyIosFramework.framework */ = {isa = PBXFileReference; lastKnownFileType = wrapper.framework; path = MyIosFramework.framework; sourceTree = "<group>"; };
/* End PBXFileReference section */

/* Begin PBXFrameworksBuildPhase section */
		2510E8C71EC0B4B300EC59E7 /* Frameworks */ = {
			isa = PBXFrameworksBuildPhase;
			buildActionMask = 2147483647;
			files = (
				2510E9141EC0B86D00EC59E7 /* MyIosFramework.framework in Frameworks */,
			);
			runOnlyForDeploymentPostprocessing = 0;
		};
		2510E8E31EC0B4B400EC59E7 /* Frameworks */ = {
			isa = PBXFrameworksBuildPhase;
			buildActionMask = 2147483647;
			files = (
			);
			runOnlyForDeploymentPostprocessing = 0;
		};
		2510E8EE1EC0B4B400EC59E7 /* Frameworks */ = {
			isa = PBXFrameworksBuildPhase;
			buildActionMask = 2147483647;
			files = (
			);
			runOnlyForDeploymentPostprocessing = 0;
		};
/* End PBXFrameworksBuildPhase section */

/* Begin PBXGroup section */
		2510E8C11EC0B4B300EC59E7 = {
			isa = PBXGroup;
			children = (
				2510E8CC1EC0B4B300EC59E7 /* MyRecordProj */,
				2510E8E91EC0B4B400EC59E7 /* MyRecordProjTests */,
				2510E8F41EC0B4B400EC59E7 /* MyRecordProjUITests */,
				2510E8CB1EC0B4B300EC59E7 /* Products */,
			);
			sourceTree = "<group>";
		};
		2510E8CB1EC0B4B300EC59E7 /* Products */ = {
			isa = PBXGroup;
			children = (
				2510E8CA1EC0B4B300EC59E7 /* MyRecordProj.app */,
				2510E8E61EC0B4B400EC59E7 /* MyRecordProjTests.xctest */,
				2510E8F11EC0B4B400EC59E7 /* MyRecordProjUITests.xctest */,
			);
			name = Products;
			sourceTree = "<group>";
		};
		2510E8CC1EC0B4B300EC59E7 /* MyRecordProj */ = {
			isa = PBXGroup;
			children = (
				2510E9121EC0B85B00EC59E7 /* 3rd */,
				2510E9041EC0B67600EC59E7 /* launch */,
				2510E9031EC0B66800EC59E7 /* res */,
				2510E8D31EC0B4B300EC59E7 /* FirstViewController.h */,
				2510E8D41EC0B4B300EC59E7 /* FirstViewController.m */,
				2510E8D61EC0B4B300EC59E7 /* SecondViewController.h */,
				2510E8D71EC0B4B300EC59E7 /* SecondViewController.m */,
				2510E8CD1EC0B4B300EC59E7 /* Supporting Files */,
			);
			path = MyRecordProj;
			sourceTree = "<group>";
		};
		2510E8CD1EC0B4B300EC59E7 /* Supporting Files */ = {
			isa = PBXGroup;
			children = (
				2510E8CE1EC0B4B300EC59E7 /* main.m */,
			);
			name = "Supporting Files";
			sourceTree = "<group>";
		};
		2510E8E91EC0B4B400EC59E7 /* MyRecordProjTests */ = {
			isa = PBXGroup;
			children = (
				2510E8EA1EC0B4B400EC59E7 /* MyRecordProjTests.m */,
				2510E8EC1EC0B4B400EC59E7 /* Info.plist */,
			);
			path = MyRecordProjTests;
			sourceTree = "<group>";
		};
		2510E8F41EC0B4B400EC59E7 /* MyRecordProjUITests */ = {
			isa = PBXGroup;
			children = (
				2510E8F51EC0B4B400EC59E7 /* MyRecordProjUITests.m */,
				2510E8F71EC0B4B400EC59E7 /* Info.plist */,
			);
			path = MyRecordProjUITests;
			sourceTree = "<group>";
		};
		2510E9031EC0B66800EC59E7 /* res */ = {
			isa = PBXGroup;
			children = (
				2510E8E11EC0B4B400EC59E7 /* Info.plist */,
				2510E9101EC0B7BB00EC59E7 /* Localizable.strings */,
				2510E90C1EC0B79F00EC59E7 /* InfoPlist.strings */,
				2510E8DC1EC0B4B400EC59E7 /* Assets.xcassets */,
			);
			name = res;
			sourceTree = "<group>";
		};
		2510E9041EC0B67600EC59E7 /* launch */ = {
			isa = PBXGroup;
			children = (
				2510E8DE1EC0B4B400EC59E7 /* LaunchScreen.storyboard */,
				2510E8D91EC0B4B400EC59E7 /* Main.storyboard */,
				2510E8D01EC0B4B300EC59E7 /* AppDelegate.h */,
				2510E8D11EC0B4B300EC59E7 /* AppDelegate.m */,
			);
			name = launch;
			sourceTree = "<group>";
		};
		2510E9121EC0B85B00EC59E7 /* 3rd */ = {
			isa = PBXGroup;
			children = (
				2510E9131EC0B86D00EC59E7 /* MyIosFramework.framework */,
			);
			name = 3rd;
			sourceTree = "<group>";
		};
/* End PBXGroup section */

/* Begin PBXNativeTarget section */
		2510E8C91EC0B4B300EC59E7 /* MyRecordProj */ = {
			isa = PBXNativeTarget;
			buildConfigurationList = 2510E8FA1EC0B4B400EC59E7 /* Build configuration list for PBXNativeTarget "MyRecordProj" */;
			buildPhases = (
				2510E8C61EC0B4B300EC59E7 /* Sources */,
				2510E8C71EC0B4B300EC59E7 /* Frameworks */,
				2510E8C81EC0B4B300EC59E7 /* Resources */,
			);
			buildRules = (
			);
			dependencies = (
			);
			name = MyRecordProj;
			productName = MyRecordProj;
			productReference = 2510E8CA1EC0B4B300EC59E7 /* MyRecordProj.app */;
			productType = "com.apple.product-type.application";
		};
		2510E8E51EC0B4B400EC59E7 /* MyRecordProjTests */ = {
			isa = PBXNativeTarget;
			buildConfigurationList = 2510E8FD1EC0B4B400EC59E7 /* Build configuration list for PBXNativeTarget "MyRecordProjTests" */;
			buildPhases = (
				2510E8E21EC0B4B400EC59E7 /* Sources */,
				2510E8E31EC0B4B400EC59E7 /* Frameworks */,
				2510E8E41EC0B4B400EC59E7 /* Resources */,
			);
			buildRules = (
			);
			dependencies = (
				2510E8E81EC0B4B400EC59E7 /* PBXTargetDependency */,
			);
			name = MyRecordProjTests;
			productName = MyRecordProjTests;
			productReference = 2510E8E61EC0B4B400EC59E7 /* MyRecordProjTests.xctest */;
			productType = "com.apple.product-type.bundle.unit-test";
		};
		2510E8F01EC0B4B400EC59E7 /* MyRecordProjUITests */ = {
			isa = PBXNativeTarget;
			buildConfigurationList = 2510E9001EC0B4B400EC59E7 /* Build configuration list for PBXNativeTarget "MyRecordProjUITests" */;
			buildPhases = (
				2510E8ED1EC0B4B400EC59E7 /* Sources */,
				2510E8EE1EC0B4B400EC59E7 /* Frameworks */,
				2510E8EF1EC0B4B400EC59E7 /* Resources */,
			);
			buildRules = (
			);
			dependencies = (
				2510E8F31EC0B4B400EC59E7 /* PBXTargetDependency */,
			);
			name = MyRecordProjUITests;
			productName = MyRecordProjUITests;
			productReference = 2510E8F11EC0B4B400EC59E7 /* MyRecordProjUITests.xctest */;
			productType = "com.apple.product-type.bundle.ui-testing";
		};
/* End PBXNativeTarget section */

/* Begin PBXProject section */
		2510E8C21EC0B4B300EC59E7 /* Project object */ = {
			isa = PBXProject;
			attributes = {
				LastUpgradeCheck = 0830;
				ORGANIZATIONNAME = " qin";
				TargetAttributes = {
					2510E8C91EC0B4B300EC59E7 = {
						CreatedOnToolsVersion = 8.3.2;
						DevelopmentTeam = 36Y8RN8MDS;
						ProvisioningStyle = Automatic;
					};
					2510E8E51EC0B4B400EC59E7 = {
						CreatedOnToolsVersion = 8.3.2;
						DevelopmentTeam = 36Y8RN8MDS;
						ProvisioningStyle = Automatic;
						TestTargetID = 2510E8C91EC0B4B300EC59E7;
					};
					2510E8F01EC0B4B400EC59E7 = {
						CreatedOnToolsVersion = 8.3.2;
						DevelopmentTeam = 36Y8RN8MDS;
						ProvisioningStyle = Automatic;
						TestTargetID = 2510E8C91EC0B4B300EC59E7;
					};
				};
			};
			buildConfigurationList = 2510E8C51EC0B4B300EC59E7 /* Build configuration list for PBXProject "MyRecordProj" */;
			compatibilityVersion = "Xcode 3.2";
			developmentRegion = English;
			hasScannedForEncodings = 0;
			knownRegions = (
				en,
				Base,
				"zh-Hans",
			);
			mainGroup = 2510E8C11EC0B4B300EC59E7;
			productRefGroup = 2510E8CB1EC0B4B300EC59E7 /* Products */;
			projectDirPath = "";
			projectRoot = "";
			targets = (
				2510E8C91EC0B4B300EC59E7 /* MyRecordProj */,
				2510E8E51EC0B4B400EC59E7 /* MyRecordProjTests */,
				2510E8F01EC0B4B400EC59E7 /* MyRecordProjUITests */,
			);
		};
/* End PBXProject section */

/* Begin PBXResourcesBuildPhase section */
		2510E8C81EC0B4B300EC59E7 /* Resources */ = {
			isa = PBXResourcesBuildPhase;
			buildActionMask = 2147483647;
			files = (
				2510E90E1EC0B7BB00EC59E7 /* Localizable.strings in Resources */,
				2510E8E01EC0B4B400EC59E7 /* LaunchScreen.storyboard in Resources */,
				2510E90A1EC0B79F00EC59E7 /* InfoPlist.strings in Resources */,
				2510E8DD1EC0B4B400EC59E7 /* Assets.xcassets in Resources */,
				2510E8DB1EC0B4B400EC59E7 /* Main.storyboard in Resources */,
			);
			runOnlyForDeploymentPostprocessing = 0;
		};
		2510E8E41EC0B4B400EC59E7 /* Resources */ = {
			isa = PBXResourcesBuildPhase;
			buildActionMask = 2147483647;
			files = (
			);
			runOnlyForDeploymentPostprocessing = 0;
		};
		2510E8EF1EC0B4B400EC59E7 /* Resources */ = {
			isa = PBXResourcesBuildPhase;
			buildActionMask = 2147483647;
			files = (
			);
			runOnlyForDeploymentPostprocessing = 0;
		};
/* End PBXResourcesBuildPhase section */

/* Begin PBXSourcesBuildPhase section */
		2510E8C61EC0B4B300EC59E7 /* Sources */ = {
			isa = PBXSourcesBuildPhase;
			buildActionMask = 2147483647;
			files = (
				2510E8D81EC0B4B400EC59E7 /* SecondViewController.m in Sources */,
				2510E8D21EC0B4B300EC59E7 /* AppDelegate.m in Sources */,
				2510E8D51EC0B4B300EC59E7 /* FirstViewController.m in Sources */,
				2510E8CF1EC0B4B300EC59E7 /* main.m in Sources */,
			);
			runOnlyForDeploymentPostprocessing = 0;
		};
		2510E8E21EC0B4B400EC59E7 /* Sources */ = {
			isa = PBXSourcesBuildPhase;
			buildActionMask = 2147483647;
			files = (
				2510E8EB1EC0B4B400EC59E7 /* MyRecordProjTests.m in Sources */,
			);
			runOnlyForDeploymentPostprocessing = 0;
		};
		2510E8ED1EC0B4B400EC59E7 /* Sources */ = {
			isa = PBXSourcesBuildPhase;
			buildActionMask = 2147483647;
			files = (
				2510E8F61EC0B4B400EC59E7 /* MyRecordProjUITests.m in Sources */,
			);
			runOnlyForDeploymentPostprocessing = 0;
		};
/* End PBXSourcesBuildPhase section */

/* Begin PBXTargetDependency section */
		2510E8E81EC0B4B400EC59E7 /* PBXTargetDependency */ = {
			isa = PBXTargetDependency;
			target = 2510E8C91EC0B4B300EC59E7 /* MyRecordProj */;
			targetProxy = 2510E8E71EC0B4B400EC59E7 /* PBXContainerItemProxy */;
		};
		2510E8F31EC0B4B400EC59E7 /* PBXTargetDependency */ = {
			isa = PBXTargetDependency;
			target = 2510E8C91EC0B4B300EC59E7 /* MyRecordProj */;
			targetProxy = 2510E8F21EC0B4B400EC59E7 /* PBXContainerItemProxy */;
		};
/* End PBXTargetDependency section */

/* Begin PBXVariantGroup section */
		2510E8D91EC0B4B400EC59E7 /* Main.storyboard */ = {
			isa = PBXVariantGroup;
			children = (
				2510E8DA1EC0B4B400EC59E7 /* Base */,
			);
			name = Main.storyboard;
			sourceTree = "<group>";
		};
		2510E8DE1EC0B4B400EC59E7 /* LaunchScreen.storyboard */ = {
			isa = PBXVariantGroup;
			children = (
				2510E8DF1EC0B4B400EC59E7 /* Base */,
			);
			name = LaunchScreen.storyboard;
			sourceTree = "<group>";
		};
		2510E90C1EC0B79F00EC59E7 /* InfoPlist.strings */ = {
			isa = PBXVariantGroup;
			children = (
				2510E90B1EC0B79F00EC59E7 /* Base */,
				2510E90D1EC0B7A400EC59E7 /* zh-Hans */,
			);
			name = InfoPlist.strings;
			sourceTree = "<group>";
		};
		2510E9101EC0B7BB00EC59E7 /* Localizable.strings */ = {
			isa = PBXVariantGroup;
			children = (
				2510E90F1EC0B7BB00EC59E7 /* Base */,
				2510E9111EC0B7BD00EC59E7 /* zh-Hans */,
			);
			name = Localizable.strings;
			sourceTree = "<group>";
		};
/* End PBXVariantGroup section */

/* Begin XCBuildConfiguration section */
		2510E8F81EC0B4B400EC59E7 /* Debug */ = {
			isa = XCBuildConfiguration;
			buildSettings = {
				ALWAYS_SEARCH_USER_PATHS = NO;
				CLANG_ANALYZER_LOCALIZABILITY_NONLOCALIZED = YES;
				CLANG_ANALYZER_NONNULL = YES;
				CLANG_ANALYZER_NUMBER_OBJECT_CONVERSION = YES_AGGRESSIVE;
				CLANG_CXX_LANGUAGE_STANDARD = "gnu++0x";
				CLANG_CXX_LIBRARY = "libc++";
				CLANG_ENABLE_MODULES = YES;
				CLANG_ENABLE_OBJC_ARC = YES;
				CLANG_WARN_BOOL_CONVERSION = YES;
				CLANG_WARN_CONSTANT_CONVERSION = YES;
				CLANG_WARN_DIRECT_OBJC_ISA_USAGE = YES_ERROR;
				CLANG_WARN_DOCUMENTATION_COMMENTS = YES;
				CLANG_WARN_EMPTY_BODY = YES;
				CLANG_WARN_ENUM_CONVERSION = YES;
				CLANG_WARN_INFINITE_RECURSION = YES;
				CLANG_WARN_INT_CONVERSION = YES;
				CLANG_WARN_OBJC_ROOT_CLASS = YES_ERROR;
				CLANG_WARN_SUSPICIOUS_MOVE = YES;
				CLANG_WARN_UNREACHABLE_CODE = YES;
				CLANG_WARN__DUPLICATE_METHOD_MATCH = YES;
				"CODE_SIGN_IDENTITY[sdk=iphoneos*]" = "iPhone Developer";
				COPY_PHASE_STRIP = NO;
				DEBUG_INFORMATION_FORMAT = dwarf;
				ENABLE_STRICT_OBJC_MSGSEND = YES;
				ENABLE_TESTABILITY = YES;
				GCC_C_LANGUAGE_STANDARD = gnu99;
				GCC_DYNAMIC_NO_PIC = NO;
				GCC_NO_COMMON_BLOCKS = YES;
				GCC_OPTIMIZATION_LEVEL = 0;
				GCC_PREPROCESSOR_DEFINITIONS = (
					"DEBUG=1",
					"$(inherited)",
				);
				GCC_WARN_64_TO_32_BIT_CONVERSION = YES;
				GCC_WARN_ABOUT_RETURN_TYPE = YES_ERROR;
				GCC_WARN_UNDECLARED_SELECTOR = YES;
				GCC_WARN_UNINITIALIZED_AUTOS = YES_AGGRESSIVE;
				GCC_WARN_UNUSED_FUNCTION = YES;
				GCC_WARN_UNUSED_VARIABLE = YES;
				IPHONEOS_DEPLOYMENT_TARGET = 10.3;
				MTL_ENABLE_DEBUG_INFO = YES;
				ONLY_ACTIVE_ARCH = YES;
				SDKROOT = iphoneos;
				TARGETED_DEVICE_FAMILY = "1,2";
			};
			name = Debug;
		};
		2510E8F91EC0B4B400EC59E7 /* Release */ = {
			isa = XCBuildConfiguration;
			buildSettings = {
				ALWAYS_SEARCH_USER_PATHS = NO;
				CLANG_ANALYZER_LOCALIZABILITY_NONLOCALIZED = YES;
				CLANG_ANALYZER_NONNULL = YES;
				CLANG_ANALYZER_NUMBER_OBJECT_CONVERSION = YES_AGGRESSIVE;
				CLANG_CXX_LANGUAGE_STANDARD = "gnu++0x";
				CLANG_CXX_LIBRARY = "libc++";
				CLANG_ENABLE_MODULES = YES;
				CLANG_ENABLE_OBJC_ARC = YES;
				CLANG_WARN_BOOL_CONVERSION = YES;
				CLANG_WARN_CONSTANT_CONVERSION = YES;
				CLANG_WARN_DIRECT_OBJC_ISA_USAGE = YES_ERROR;
				CLANG_WARN_DOCUMENTATION_COMMENTS = YES;
				CLANG_WARN_EMPTY_BODY = YES;
				CLANG_WARN_ENUM_CONVERSION = YES;
				CLANG_WARN_INFINITE_RECURSION = YES;
				CLANG_WARN_INT_CONVERSION = YES;
				CLANG_WARN_OBJC_ROOT_CLASS = YES_ERROR;
				CLANG_WARN_SUSPICIOUS_MOVE = YES;
				CLANG_WARN_UNREACHABLE_CODE = YES;
				CLANG_WARN__DUPLICATE_METHOD_MATCH = YES;
				"CODE_SIGN_IDENTITY[sdk=iphoneos*]" = "iPhone Developer";
				COPY_PHASE_STRIP = NO;
				DEBUG_INFORMATION_FORMAT = "dwarf-with-dsym";
				ENABLE_NS_ASSERTIONS = NO;
				ENABLE_STRICT_OBJC_MSGSEND = YES;
				GCC_C_LANGUAGE_STANDARD = gnu99;
				GCC_NO_COMMON_BLOCKS = YES;
				GCC_WARN_64_TO_32_BIT_CONVERSION = YES;
				GCC_WARN_ABOUT_RETURN_TYPE = YES_ERROR;
				GCC_WARN_UNDECLARED_SELECTOR = YES;
				GCC_WARN_UNINITIALIZED_AUTOS = YES_AGGRESSIVE;
				GCC_WARN_UNUSED_FUNCTION = YES;
				GCC_WARN_UNUSED_VARIABLE = YES;
				IPHONEOS_DEPLOYMENT_TARGET = 10.3;
				MTL_ENABLE_DEBUG_INFO = NO;
				SDKROOT = iphoneos;
				TARGETED_DEVICE_FAMILY = "1,2";
				VALIDATE_PRODUCT = YES;
			};
			name = Release;
		};
		2510E8FB1EC0B4B400EC59E7 /* Debug */ = {
			isa = XCBuildConfiguration;
			buildSettings = {
				ASSETCATALOG_COMPILER_APPICON_NAME = AppIcon;
				DEVELOPMENT_TEAM = 36Y8RN8MDS;
				FRAMEWORK_SEARCH_PATHS = (
					"$(inherited)",
					"$(PROJECT_DIR)/MyRecordProj",
				);
				INFOPLIST_FILE = MyRecordProj/Info.plist;
				IPHONEOS_DEPLOYMENT_TARGET = 9.0;
				LD_RUNPATH_SEARCH_PATHS = "$(inherited) @executable_path/Frameworks";
				PRODUCT_BUNDLE_IDENTIFIER = com.lazilybird.app.MyRecordProj;
				PRODUCT_NAME = "$(TARGET_NAME)";
			};
			name = Debug;
		};
		2510E8FC1EC0B4B400EC59E7 /* Release */ = {
			isa = XCBuildConfiguration;
			buildSettings = {
				ASSETCATALOG_COMPILER_APPICON_NAME = AppIcon;
				DEVELOPMENT_TEAM = 36Y8RN8MDS;
				FRAMEWORK_SEARCH_PATHS = (
					"$(inherited)",
					"$(PROJECT_DIR)/MyRecordProj",
				);
				INFOPLIST_FILE = MyRecordProj/Info.plist;
				IPHONEOS_DEPLOYMENT_TARGET = 9.0;
				LD_RUNPATH_SEARCH_PATHS = "$(inherited) @executable_path/Frameworks";
				PRODUCT_BUNDLE_IDENTIFIER = com.lazilybird.app.MyRecordProj;
				PRODUCT_NAME = "$(TARGET_NAME)";
			};
			name = Release;
		};
		2510E8FE1EC0B4B400EC59E7 /* Debug */ = {
			isa = XCBuildConfiguration;
			buildSettings = {
				BUNDLE_LOADER = "$(TEST_HOST)";
				DEVELOPMENT_TEAM = 36Y8RN8MDS;
				INFOPLIST_FILE = MyRecordProjTests/Info.plist;
				LD_RUNPATH_SEARCH_PATHS = "$(inherited) @executable_path/Frameworks @loader_path/Frameworks";
				PRODUCT_BUNDLE_IDENTIFIER = com.lazilybird.app.MyRecordProjTests;
				PRODUCT_NAME = "$(TARGET_NAME)";
				TEST_HOST = "$(BUILT_PRODUCTS_DIR)/MyRecordProj.app/MyRecordProj";
			};
			name = Debug;
		};
		2510E8FF1EC0B4B400EC59E7 /* Release */ = {
			isa = XCBuildConfiguration;
			buildSettings = {
				BUNDLE_LOADER = "$(TEST_HOST)";
				DEVELOPMENT_TEAM = 36Y8RN8MDS;
				INFOPLIST_FILE = MyRecordProjTests/Info.plist;
				LD_RUNPATH_SEARCH_PATHS = "$(inherited) @executable_path/Frameworks @loader_path/Frameworks";
				PRODUCT_BUNDLE_IDENTIFIER = com.lazilybird.app.MyRecordProjTests;
				PRODUCT_NAME = "$(TARGET_NAME)";
				TEST_HOST = "$(BUILT_PRODUCTS_DIR)/MyRecordProj.app/MyRecordProj";
			};
			name = Release;
		};
		2510E9011EC0B4B400EC59E7 /* Debug */ = {
			isa = XCBuildConfiguration;
			buildSettings = {
				DEVELOPMENT_TEAM = 36Y8RN8MDS;
				INFOPLIST_FILE = MyRecordProjUITests/Info.plist;
				LD_RUNPATH_SEARCH_PATHS = "$(inherited) @executable_path/Frameworks @loader_path/Frameworks";
				PRODUCT_BUNDLE_IDENTIFIER = com.lazilybird.app.MyRecordProjUITests;
				PRODUCT_NAME = "$(TARGET_NAME)";
				TEST_TARGET_NAME = MyRecordProj;
			};
			name = Debug;
		};
		2510E9021EC0B4B400EC59E7 /* Release */ = {
			isa = XCBuildConfiguration;
			buildSettings = {
				DEVELOPMENT_TEAM = 36Y8RN8MDS;
				INFOPLIST_FILE = MyRecordProjUITests/Info.plist;
				LD_RUNPATH_SEARCH_PATHS = "$(inherited) @executable_path/Frameworks @loader_path/Frameworks";
				PRODUCT_BUNDLE_IDENTIFIER = com.lazilybird.app.MyRecordProjUITests;
				PRODUCT_NAME = "$(TARGET_NAME)";
				TEST_TARGET_NAME = MyRecordProj;
			};
			name = Release;
		};
/* End XCBuildConfiguration section */

/* Begin XCConfigurationList section */
		2510E8C51EC0B4B300EC59E7 /* Build configuration list for PBXProject "MyRecordProj" */ = {
			isa = XCConfigurationList;
			buildConfigurations = (
				2510E8F81EC0B4B400EC59E7 /* Debug */,
				2510E8F91EC0B4B400EC59E7 /* Release */,
			);
			defaultConfigurationIsVisible = 0;
			defaultConfigurationName = Release;
		};
		2510E8FA1EC0B4B400EC59E7 /* Build configuration list for PBXNativeTarget "MyRecordProj" */ = {
			isa = XCConfigurationList;
			buildConfigurations = (
				2510E8FB1EC0B4B400EC59E7 /* Debug */,
				2510E8FC1EC0B4B400EC59E7 /* Release */,
			);
			defaultConfigurationIsVisible = 0;
		};
		2510E8FD1EC0B4B400EC59E7 /* Build configuration list for PBXNativeTarget "MyRecordProjTests" */ = {
			isa = XCConfigurationList;
			buildConfigurations = (
				2510E8FE1EC0B4B400EC59E7 /* Debug */,
				2510E8FF1EC0B4B400EC59E7 /* Release */,
			);
			defaultConfigurationIsVisible = 0;
		};
		2510E9001EC0B4B400EC59E7 /* Build configuration list for PBXNativeTarget "MyRecordProjUITests" */ = {
			isa = XCConfigurationList;
			buildConfigurations = (
				2510E9011EC0B4B400EC59E7 /* Debug */,
				2510E9021EC0B4B400EC59E7 /* Release */,
			);
			defaultConfigurationIsVisible = 0;
		};
/* End XCConfigurationList section */
	};
	rootObject = 2510E8C21EC0B4B300EC59E7 /* Project object */;
}
